// !$*UTF8*$!
{
	archiveVersion = 1;
	classes = {
	};
	objectVersion = 46;
	objects = {
/* Begin PBXBuildFile section */
		223A89461E89CDC70092741E /* MiniApp.jsbundle in Resources */ = {isa = PBXBuildFile; fileRef = 223A89451E89CDC70092741E /* MiniApp.jsbundle */; };
		2265A4A21EB26943007D6C3D /* Info.plist in Resources */ = {isa = PBXBuildFile; fileRef = 2265A4A11EB26943007D6C3D /* Info.plist */; };
		22BF1FEB1E8DAAF800E7F500 /* assets in Resources */ = {isa = PBXBuildFile; fileRef = 22BF1FEA1E8DAAF800E7F500 /* assets */; };
		301CB9021F33F3450048C58B /* NSBundle+frameworkBundle.m in Sources */ = {isa = PBXBuildFile; fileRef = 301CB9001F33F3450048C58B /* NSBundle+frameworkBundle.m */; };
		301CB9031F33F3450048C58B /* NSBundle+frameworkBundle.h in Headers */ = {isa = PBXBuildFile; fileRef = 301CB9011F33F3450048C58B /* NSBundle+frameworkBundle.h */; };
		30F8CDEE1E67946E00413247 /* ElectrodeReactNative_Internal.h in Headers */ = {isa = PBXBuildFile; fileRef = 30F8CDED1E67946E00413247 /* ElectrodeReactNative_Internal.h */; };
		485009ED1E2FF23C009B6610 /* ElectrodeContainer.framework in Frameworks */ = {isa = PBXBuildFile; fileRef = 485009E31E2FF23B009B6610 /* ElectrodeContainer.framework */; };
		485009F41E2FF23C009B6610 /* ElectrodeContainer.h in Headers */ = {isa = PBXBuildFile; fileRef = 485009E61E2FF23B009B6610 /* ElectrodeContainer.h */; settings = {ATTRIBUTES = (Public, ); }; };
		48500A981E2FF55B009B6610 /* ElectrodeReactNative.h in Headers */ = {isa = PBXBuildFile; fileRef = 48500A961E2FF55B009B6610 /* ElectrodeReactNative.h */; settings = {ATTRIBUTES = (Public, ); }; };
		48500A991E2FF55B009B6610 /* ElectrodeReactNative.m in Sources */ = {isa = PBXBuildFile; fileRef = 48500A971E2FF55B009B6610 /* ElectrodeReactNative.m */; };
		968333D71E54E3470031C565 /* ElectrodeBridgeDelegate.h in Headers */ = {isa = PBXBuildFile; fileRef = 968333D51E54E3470031C565 /* ElectrodeBridgeDelegate.h */; settings = {ATTRIBUTES = (Public, ); }; };
		968333D81E54E3470031C565 /* ElectrodeBridgeDelegate.m in Sources */ = {isa = PBXBuildFile; fileRef = 968333D61E54E3470031C565 /* ElectrodeBridgeDelegate.m */; };
		48B5CEBA59A149B9AD1A9A89 /* ColorPickerAPI.swift in Sources */ = {isa = PBXBuildFile; fileRef = EDC1F9E128CE46FC8C8507A6 /* ColorPickerAPI.swift */; };
		16F1952F51A74C38B883B170 /* ColorPickerEvents.swift in Sources */ = {isa = PBXBuildFile; fileRef = 74A8BB9BF300472F97F936AF /* ColorPickerEvents.swift */; };
		C6559951ECDF48A688C6BD23 /* ColorPickerRequests.swift in Sources */ = {isa = PBXBuildFile; fileRef = FC7FDED2A6A8476B894D073B /* ColorPickerRequests.swift */; };
		217EDD976F694440B777B648 /* libReact.a in Frameworks */ = {isa = PBXBuildFile; fileRef = ECD5D544DE934E1196CBAE77 /* libReact.a */; };
		B0C2DDEEBC17475BB68F6DD7 /* libRCTActionSheet.a in Frameworks */ = {isa = PBXBuildFile; fileRef = FD4C9B5836574557A0A72630 /* libRCTActionSheet.a */; };
		661F15B702394878A859B880 /* libRCTImage.a in Frameworks */ = {isa = PBXBuildFile; fileRef = 113202D542064925A4E9475D /* libRCTImage.a */; };
		C31D9BCE550E49428A51C9D5 /* libRCTAnimation.a in Frameworks */ = {isa = PBXBuildFile; fileRef = C1F1A03322F1477A9D7F9647 /* libRCTAnimation.a */; };
		1C6A6E81ED68457580F2E9EE /* libRCTText.a in Frameworks */ = {isa = PBXBuildFile; fileRef = 1E9C83E94AAA4461935AEB45 /* libRCTText.a */; };
		0908ECE850A34A1F9B1E5279 /* libRCTWebSocket.a in Frameworks */ = {isa = PBXBuildFile; fileRef = BC945EE2DD9F496EBDF58BBD /* libRCTWebSocket.a */; };
		CA0C654208B74AEFB1E12638 /* libRCTGeolocation.a in Frameworks */ = {isa = PBXBuildFile; fileRef = E907207549CF440397D6854F /* libRCTGeolocation.a */; };
		43D0DC62565D43A08E2F19F8 /* libRCTLinking.a in Frameworks */ = {isa = PBXBuildFile; fileRef = 90EF349FABB14859B3A73D39 /* libRCTLinking.a */; };
		7BE4CCD13E5E4EB088A1A61C /* libRCTNetwork.a in Frameworks */ = {isa = PBXBuildFile; fileRef = 3E5DDDC70B1E4543B14DEA0B /* libRCTNetwork.a */; };
		94E9D075D12F480FA4441297 /* libRCTSettings.a in Frameworks */ = {isa = PBXBuildFile; fileRef = 9FD2D99301134F5AA2F1D525 /* libRCTSettings.a */; };
		8B19EE3831654B6CB8E48210 /* libRCTVibration.a in Frameworks */ = {isa = PBXBuildFile; fileRef = F872ED84B3BC471BBE4413AF /* libRCTVibration.a */; };
		D82AF15AB5E84A909FA3B45E /* libRCTCameraRoll.a in Frameworks */ = {isa = PBXBuildFile; fileRef = D426F954A41C4EF7B6718C33 /* libRCTCameraRoll.a */; };
		B27B52F066364DEABB9348E5 /* ElectrodeObject.swift in Sources */ = {isa = PBXBuildFile; fileRef = F983F319F2D8465DB6AE64F0 /* ElectrodeObject.swift */; };
		3C6E57ABB5BE467CBCB243CE /* Bridgeable.swift in Sources */ = {isa = PBXBuildFile; fileRef = 8055B6883B7F45D9B101D9F3 /* Bridgeable.swift */; };
		2BD45C38DF82468CA25D0536 /* ElectrodeRequestHandlerProcessor.swift in Sources */ = {isa = PBXBuildFile; fileRef = A0B7B72BE10F4F07A170CC93 /* ElectrodeRequestHandlerProcessor.swift */; };
		EE4A41A141D94FD883D1C951 /* ElectrodeRequestProcessor.swift in Sources */ = {isa = PBXBuildFile; fileRef = 5804F9E7BEE647ADA12CFB10 /* ElectrodeRequestProcessor.swift */; };
		AEF05307D49544E68AFBE592 /* ElectrodeUtilities.swift in Sources */ = {isa = PBXBuildFile; fileRef = D47053F353964EC08B6E6F07 /* ElectrodeUtilities.swift */; };
		189FE55C5B954B7D850E0E53 /* EventListenerProcessor.swift in Sources */ = {isa = PBXBuildFile; fileRef = FC65E1F45F744199BB7B7FEB /* EventListenerProcessor.swift */; };
		E2DA84C741634794880561FC /* EventProcessor.swift in Sources */ = {isa = PBXBuildFile; fileRef = 1DCB005BD50F4B989AB27EEE /* EventProcessor.swift */; };
		F6BAAA63689D4B5EA7AD726C /* Processor.swift in Sources */ = {isa = PBXBuildFile; fileRef = 9E984F6447BA42B599CF1B3A /* Processor.swift */; };
		0442F5E1CF494DDE8D30D251 /* None.swift in Sources */ = {isa = PBXBuildFile; fileRef = B443C3539FE3486782F10C48 /* None.swift */; };
		19ED06BD7E814EF3A1E81B25 /* ElectrodeBridgeEvent.m in Sources */ = {isa = PBXBuildFile; fileRef = 36593708E5C2484F8B5F331C /* ElectrodeBridgeEvent.m */; };
		1E3A6FA0F96A4A0986288777 /* ElectrodeBridgeFailureMessage.m in Sources */ = {isa = PBXBuildFile; fileRef = B2556F7C47A64D98B6955BBC /* ElectrodeBridgeFailureMessage.m */; };
		1B84F02780F74DB88248269B /* ElectrodeBridgeHolder.m in Sources */ = {isa = PBXBuildFile; fileRef = FA87F6D3B1594F7680C530AA /* ElectrodeBridgeHolder.m */; };
		59A0A0B1996A448DA3315989 /* ElectrodeBridgeMessage.m in Sources */ = {isa = PBXBuildFile; fileRef = 6B007049A0EF48F598F793AB /* ElectrodeBridgeMessage.m */; };
		9291AE1A25D242EF96758CC9 /* ElectrodeBridgeProtocols.m in Sources */ = {isa = PBXBuildFile; fileRef = D9853CA4BCCC4A23AD4F543D /* ElectrodeBridgeProtocols.m */; };
		1E77519616034C4ABB07FF94 /* ElectrodeBridgeRequest.m in Sources */ = {isa = PBXBuildFile; fileRef = D6C1CF1555164D58889C8BF8 /* ElectrodeBridgeRequest.m */; };
		749E42626C4745B09D1D1CE7 /* ElectrodeBridgeResponse.m in Sources */ = {isa = PBXBuildFile; fileRef = CD1DA650BFCF4637BD057DAE /* ElectrodeBridgeResponse.m */; };
		2851102C69164166B0F65886 /* ElectrodeBridgeTransaction.m in Sources */ = {isa = PBXBuildFile; fileRef = 7D9B29092B724D0F9B5515F6 /* ElectrodeBridgeTransaction.m */; };
		FA8B3D2DB7F5478085F5E10A /* ElectrodeBridgeTransceiver.m in Sources */ = {isa = PBXBuildFile; fileRef = 5F13241E59D74DA590278C7E /* ElectrodeBridgeTransceiver.m */; };
		D6BD5E2982A9428BB48BBC77 /* ElectrodeEventDispatcher.m in Sources */ = {isa = PBXBuildFile; fileRef = 62AAB300EC1C4E73AFE196E5 /* ElectrodeEventDispatcher.m */; };
		8E9601E51FC64CA7BAE572B1 /* ElectrodeEventRegistrar.m in Sources */ = {isa = PBXBuildFile; fileRef = 98F4A4862DD5421EAEA7E43E /* ElectrodeEventRegistrar.m */; };
		CD7FBA057994487697472AFB /* ElectrodeRequestDispatcher.m in Sources */ = {isa = PBXBuildFile; fileRef = 31226BBD25BF42569F6DFC89 /* ElectrodeRequestDispatcher.m */; };
		1E921985605E498192F85348 /* ElectrodeRequestRegistrar.m in Sources */ = {isa = PBXBuildFile; fileRef = 0BB5B31FBE314C52B8FA2257 /* ElectrodeRequestRegistrar.m */; };
		FC97438B4FF34B0088F27186 /* ElectrodeLogger.m in Sources */ = {isa = PBXBuildFile; fileRef = 07DFC3A2959540D6862FDBF2 /* ElectrodeLogger.m */; };
		94F4B1B6736644E482C55285 /* ElectrodeBridgeEvent.h in Headers */ = {isa = PBXBuildFile; fileRef = C31B4AF981664FB48BD28BF6 /* ElectrodeBridgeEvent.h */; settings = {ATTRIBUTES = (Public, ); }; };
		EC4083122F3C4DD5B5A5AD82 /* ElectrodeBridgeFailureMessage.h in Headers */ = {isa = PBXBuildFile; fileRef = 4DF58222C76849E89B23BAF2 /* ElectrodeBridgeFailureMessage.h */; settings = {ATTRIBUTES = (Public, ); }; };
		81C5F652FD6C445CBEDAA38D /* ElectrodeBridgeHolder.h in Headers */ = {isa = PBXBuildFile; fileRef = 0A4BA76A0DB74F5BA30F54EA /* ElectrodeBridgeHolder.h */; settings = {ATTRIBUTES = (Public, ); }; };
		FF101F04EF5844C796B44869 /* ElectrodeBridgeMessage.h in Headers */ = {isa = PBXBuildFile; fileRef = 7F156FF426A941ADBE9C3D6D /* ElectrodeBridgeMessage.h */; settings = {ATTRIBUTES = (Public, ); }; };
		8A93E7810C74478582464FDD /* ElectrodeBridgeProtocols.h in Headers */ = {isa = PBXBuildFile; fileRef = 004CA04A56354B75BD39C77F /* ElectrodeBridgeProtocols.h */; settings = {ATTRIBUTES = (Public, ); }; };
		DC6C1F77C5404EDD9F7EEF1B /* ElectrodeBridgeRequest.h in Headers */ = {isa = PBXBuildFile; fileRef = 435CA2A1F7DD4E1C854D5D63 /* ElectrodeBridgeRequest.h */; settings = {ATTRIBUTES = (Public, ); }; };
		FBAB7BF0F84F461780EEE9D3 /* ElectrodeBridgeTransaction.h in Headers */ = {isa = PBXBuildFile; fileRef = 07308169C673470F8C39C2F1 /* ElectrodeBridgeTransaction.h */; };
		86377C1A3D034739BE058389 /* ElectrodeBridgeTransceiver.h in Headers */ = {isa = PBXBuildFile; fileRef = 5F958F5E9D1041A29413FA3D /* ElectrodeBridgeTransceiver.h */; };
		98C1772C873A4C6A84AEE1C1 /* ElectrodeBridgeTransceiver_Internal.h in Headers */ = {isa = PBXBuildFile; fileRef = B12A45E62D064021AC229B73 /* ElectrodeBridgeTransceiver_Internal.h */; };
		942620A4D5F84AB988072C8F /* ElectrodeEventDispatcher.h in Headers */ = {isa = PBXBuildFile; fileRef = 92DB9FAF06F6452BAA6EE304 /* ElectrodeEventDispatcher.h */; };
		2BC53D5F01EA44088A574461 /* ElectrodeEventRegistrar.h in Headers */ = {isa = PBXBuildFile; fileRef = 59DFFEDB942E499A9781705A /* ElectrodeEventRegistrar.h */; };
		52895E282D024C02A441AA26 /* ElectrodeRequestDispatcher.h in Headers */ = {isa = PBXBuildFile; fileRef = 4AEBA42F3B9245AFA2EBD6AD /* ElectrodeRequestDispatcher.h */; };
		33F6B255B225483BB9E03DDF /* ElectrodeRequestRegistrar.h in Headers */ = {isa = PBXBuildFile; fileRef = D0CBB7B6CCAE46C294499EEB /* ElectrodeRequestRegistrar.h */; };
		A2654C7A1AE34399BCB95E1E /* ElectrodeReactNativeBridge.h in Headers */ = {isa = PBXBuildFile; fileRef = E511B7705B124149A188401E /* ElectrodeReactNativeBridge.h */; };
		F43E3A017B634A80AFC5363D /* ElectrodeBridgeResponse.h in Headers */ = {isa = PBXBuildFile; fileRef = A0D33734D7CB4D668E340A0B /* ElectrodeBridgeResponse.h */; };
		0B83DBF6A2574F1384C2CBE7 /* ElectrodeLogger.h in Headers */ = {isa = PBXBuildFile; fileRef = 04E6348ED19E4936B2DA1608 /* ElectrodeLogger.h */; settings = {ATTRIBUTES = (Public, ); }; };
		BD0C2117A1D1450E8093DD9D /* BirthYear.swift in Sources */ = {isa = PBXBuildFile; fileRef = 56A8D89A4C774C5FA9922403 /* BirthYear.swift */; };
		B5EB339315FA44C99684714A /* Movie.swift in Sources */ = {isa = PBXBuildFile; fileRef = 70A3F6F7AB3141AEA9CA2DCA /* Movie.swift */; };
		E99B4FE3315446CAAAA275F9 /* MoviesAPI.swift in Sources */ = {isa = PBXBuildFile; fileRef = 602F8E1CF1B849B8835F52A7 /* MoviesAPI.swift */; };
		DEE17AB518594BB3825C0B6B /* MoviesRequests.swift in Sources */ = {isa = PBXBuildFile; fileRef = 27DDC4E2431541C0A1EB93A1 /* MoviesRequests.swift */; };
		E8D727B0DEDD4C1BB0048210 /* Person.swift in Sources */ = {isa = PBXBuildFile; fileRef = 14DF26D872D5468390051FE1 /* Person.swift */; };
		CAF180FEA00F4F0FB28538D0 /* Synopsis.swift in Sources */ = {isa = PBXBuildFile; fileRef = CE354B5D15334ECA8083CE58 /* Synopsis.swift */; };
		76D8A6055D824A82BC90CBF9 /* NavigateData.swift in Sources */ = {isa = PBXBuildFile; fileRef = 3FF396353E49446785C0F17C /* NavigateData.swift */; };
		95858046ADF24CA1AC7609C2 /* NavigationAPI.swift in Sources */ = {isa = PBXBuildFile; fileRef = 9F8F6DC4364041C9BEB4E22A /* NavigationAPI.swift */; };
		327FF71CA4254BE5A7F14C13 /* NavigationRequests.swift in Sources */ = {isa = PBXBuildFile; fileRef = B9CF7B719F11417BA71C937C /* NavigationRequests.swift */; };
/* End PBXBuildFile section */

/* Begin PBXContainerItemProxy section */
		485009EE1E2FF23C009B6610 /* PBXContainerItemProxy */ = {
			isa = PBXContainerItemProxy;
			containerPortal = 485009DA1E2FF23B009B6610 /* Project object */;
			proxyType = 1;
			remoteGlobalIDString = 485009E21E2FF23B009B6610;
			remoteInfo = ElectrodeContainer;
		};
		CBFBF3B5DF564F95B68308ED /* PBXContainerItemProxy */ = {
			isa = PBXContainerItemProxy;
			containerPortal = 1CD1AA30A55848DF92557E70 /* React.xcodeproj */;
			proxyType = 1;
			remoteGlobalIDString = 086E2068B7944EAEADE69566;
			remoteInfo = React;
		};
		1AC05257DB0E4D138EA80197 /* PBXContainerItemProxy */ = {
			isa = PBXContainerItemProxy;
			containerPortal = 1CD1AA30A55848DF92557E70 /* React.xcodeproj */;
			proxyType = 2;
			remoteGlobalIDString = 83CBBA2E1A601D0E00E9B192;
			remoteInfo = React;
		};
		61F43CE9F3C24E818EBCB37B /* PBXContainerItemProxy */ = {
			isa = PBXContainerItemProxy;
			containerPortal = 51433AD1234E4A2B99458D32 /* RCTActionSheet.xcodeproj */;
			proxyType = 1;
			remoteGlobalIDString = A06C88B14BC04FA492440D43;
			remoteInfo = RCTActionSheet;
		};
		691FCA68AFA54FC584DA90EC /* PBXContainerItemProxy */ = {
			isa = PBXContainerItemProxy;
			containerPortal = 51433AD1234E4A2B99458D32 /* RCTActionSheet.xcodeproj */;
			proxyType = 2;
			remoteGlobalIDString = 134814201AA4EA6300B7C361;
			remoteInfo = RCTActionSheet;
		};
		B6B3867AF49340EF84238DC3 /* PBXContainerItemProxy */ = {
			isa = PBXContainerItemProxy;
			containerPortal = D2FD74D338AC4BE4A1616450 /* RCTImage.xcodeproj */;
			proxyType = 1;
			remoteGlobalIDString = 667B2002D2FD4712B4D16B2B;
			remoteInfo = RCTImage;
		};
		555B5B5A23F249B6896B18F8 /* PBXContainerItemProxy */ = {
			isa = PBXContainerItemProxy;
			containerPortal = D2FD74D338AC4BE4A1616450 /* RCTImage.xcodeproj */;
			proxyType = 2;
			remoteGlobalIDString = 58B5115D1A9E6B3D00147676;
			remoteInfo = RCTImage;
		};
		FD6025225CFB40868D289882 /* PBXContainerItemProxy */ = {
			isa = PBXContainerItemProxy;
			containerPortal = 4CD9EF382D5B4567A1A90E15 /* RCTAnimation.xcodeproj */;
			proxyType = 1;
			remoteGlobalIDString = 9F8E3056A31D43F094F4DB28;
			remoteInfo = RCTAnimation;
		};
		7D9C062289DA416E910230D3 /* PBXContainerItemProxy */ = {
			isa = PBXContainerItemProxy;
			containerPortal = 4CD9EF382D5B4567A1A90E15 /* RCTAnimation.xcodeproj */;
			proxyType = 2;
			remoteGlobalIDString = 134814201AA4EA6300B7C361;
			remoteInfo = RCTAnimation;
		};
		BA6DEF1910E84F9D8C2CE118 /* PBXContainerItemProxy */ = {
			isa = PBXContainerItemProxy;
			containerPortal = A4BF4F224FD2415B9996C3B8 /* RCTText.xcodeproj */;
			proxyType = 1;
			remoteGlobalIDString = 856980C0C17B47F9BCC9C12E;
			remoteInfo = RCTText;
		};
		D45829ABC4864AAF8B3CB433 /* PBXContainerItemProxy */ = {
			isa = PBXContainerItemProxy;
			containerPortal = A4BF4F224FD2415B9996C3B8 /* RCTText.xcodeproj */;
			proxyType = 2;
			remoteGlobalIDString = 58B5119B1A9E6C1200147676;
			remoteInfo = RCTText;
		};
		C69FB7707C294CDD82E5B6C3 /* PBXContainerItemProxy */ = {
			isa = PBXContainerItemProxy;
			containerPortal = 5AF26F7676AB438A91F7F797 /* RCTWebSocket.xcodeproj */;
			proxyType = 1;
			remoteGlobalIDString = 947063ECB779485AA1A2F90B;
			remoteInfo = RCTWebSocket;
		};
		CF906746677348A085E09261 /* PBXContainerItemProxy */ = {
			isa = PBXContainerItemProxy;
			containerPortal = 5AF26F7676AB438A91F7F797 /* RCTWebSocket.xcodeproj */;
			proxyType = 2;
			remoteGlobalIDString = 3C86DF461ADF2C930047B81A;
			remoteInfo = RCTWebSocket;
		};
		97DFBF519C694073A64D1F68 /* PBXContainerItemProxy */ = {
			isa = PBXContainerItemProxy;
			containerPortal = BC0534E3EF0E4C2C8266D2D5 /* RCTGeolocation.xcodeproj */;
			proxyType = 1;
			remoteGlobalIDString = 8D56DB195AE24E62AE23B36E;
			remoteInfo = RCTGeolocation;
		};
		B8B20D552E264B55A3001C2A /* PBXContainerItemProxy */ = {
			isa = PBXContainerItemProxy;
			containerPortal = BC0534E3EF0E4C2C8266D2D5 /* RCTGeolocation.xcodeproj */;
			proxyType = 2;
			remoteGlobalIDString = 134814201AA4EA6300B7C361;
			remoteInfo = RCTGeolocation;
		};
		2D7EF2B61214481D87886B69 /* PBXContainerItemProxy */ = {
			isa = PBXContainerItemProxy;
			containerPortal = 203E1E231DBF41D1A3845115 /* RCTLinking.xcodeproj */;
			proxyType = 1;
			remoteGlobalIDString = B7DF4F8E8D2147F2B8C3884C;
			remoteInfo = RCTLinking;
		};
		B5751299932049078516D6BB /* PBXContainerItemProxy */ = {
			isa = PBXContainerItemProxy;
			containerPortal = 203E1E231DBF41D1A3845115 /* RCTLinking.xcodeproj */;
			proxyType = 2;
			remoteGlobalIDString = 134814201AA4EA6300B7C361;
			remoteInfo = RCTLinking;
		};
		81A33F43240545AD92909DF4 /* PBXContainerItemProxy */ = {
			isa = PBXContainerItemProxy;
			containerPortal = C490A5E499FB4846B22282C5 /* RCTNetwork.xcodeproj */;
			proxyType = 1;
			remoteGlobalIDString = 3881E6F1B5F5409789FD9BDE;
			remoteInfo = RCTNetwork;
		};
		BADC628651CB437EAF9D9A18 /* PBXContainerItemProxy */ = {
			isa = PBXContainerItemProxy;
			containerPortal = C490A5E499FB4846B22282C5 /* RCTNetwork.xcodeproj */;
			proxyType = 2;
			remoteGlobalIDString = 58B511DB1A9E6C8500147676;
			remoteInfo = RCTNetwork;
		};
		4121FCA188AA48D490DF0F74 /* PBXContainerItemProxy */ = {
			isa = PBXContainerItemProxy;
			containerPortal = 10A24F957DC24E52A46A5445 /* RCTSettings.xcodeproj */;
			proxyType = 1;
			remoteGlobalIDString = F2D6B210C6384BF0A312F7D9;
			remoteInfo = RCTSettings;
		};
		6B3E98BE79E74F9DB2B36F9C /* PBXContainerItemProxy */ = {
			isa = PBXContainerItemProxy;
			containerPortal = 10A24F957DC24E52A46A5445 /* RCTSettings.xcodeproj */;
			proxyType = 2;
			remoteGlobalIDString = 134814201AA4EA6300B7C361;
			remoteInfo = RCTSettings;
		};
		E63222FFAE3642CD9D40541A /* PBXContainerItemProxy */ = {
			isa = PBXContainerItemProxy;
			containerPortal = 63CC9A6B23CC4A4B895B1371 /* RCTVibration.xcodeproj */;
			proxyType = 1;
			remoteGlobalIDString = A73AEB0C0C7F4AD5ACC6FABD;
			remoteInfo = RCTVibration;
		};
		BE72F3DB33904DB0AB089157 /* PBXContainerItemProxy */ = {
			isa = PBXContainerItemProxy;
			containerPortal = 63CC9A6B23CC4A4B895B1371 /* RCTVibration.xcodeproj */;
			proxyType = 2;
			remoteGlobalIDString = 832C81801AAF6DEF007FA2F7;
			remoteInfo = RCTVibration;
		};
		7A48974A09F34267B6720979 /* PBXContainerItemProxy */ = {
			isa = PBXContainerItemProxy;
			containerPortal = F14A785426D04A15AC37D8CC /* RCTCameraRoll.xcodeproj */;
			proxyType = 1;
			remoteGlobalIDString = A3434B92DB614A6499574C08;
			remoteInfo = RCTCameraRoll;
		};
		C885704597404B93BC2C81A8 /* PBXContainerItemProxy */ = {
			isa = PBXContainerItemProxy;
			containerPortal = F14A785426D04A15AC37D8CC /* RCTCameraRoll.xcodeproj */;
			proxyType = 2;
			remoteGlobalIDString = 58B5115D1A9E6B3D00147676;
			remoteInfo = RCTCameraRoll;
		};
/* End PBXContainerItemProxy section */

/* Begin PBXFileReference section */
		223A89451E89CDC70092741E /* MiniApp.jsbundle */ = {isa = PBXFileReference; fileEncoding = 4; lastKnownFileType = text; path = MiniApp.jsbundle; sourceTree = "<group>"; };
		2265A4A11EB26943007D6C3D /* Info.plist */ = {isa = PBXFileReference; fileEncoding = 4; lastKnownFileType = text.plist.xml; path = Info.plist; sourceTree = "<group>"; };
		22BF1FEA1E8DAAF800E7F500 /* assets */ = {isa = PBXFileReference; lastKnownFileType = folder; path = assets; sourceTree = "<group>"; };
		301CB9001F33F3450048C58B /* NSBundle+frameworkBundle.m */ = {isa = PBXFileReference; fileEncoding = 4; lastKnownFileType = sourcecode.c.objc; path = "NSBundle+frameworkBundle.m"; sourceTree = "<group>"; };
		301CB9011F33F3450048C58B /* NSBundle+frameworkBundle.h */ = {isa = PBXFileReference; fileEncoding = 4; lastKnownFileType = sourcecode.c.h; path = "NSBundle+frameworkBundle.h"; sourceTree = "<group>"; };
		30F8CDED1E67946E00413247 /* ElectrodeReactNative_Internal.h */ = {isa = PBXFileReference; fileEncoding = 4; lastKnownFileType = sourcecode.c.h; path = ElectrodeReactNative_Internal.h; sourceTree = "<group>"; };
		485009E31E2FF23B009B6610 /* ElectrodeContainer.framework */ = {isa = PBXFileReference; explicitFileType = wrapper.framework; includeInIndex = 0; path = ElectrodeContainer.framework; sourceTree = BUILT_PRODUCTS_DIR; };
		485009E61E2FF23B009B6610 /* ElectrodeContainer.h */ = {isa = PBXFileReference; lastKnownFileType = sourcecode.c.h; path = ElectrodeContainer.h; sourceTree = "<group>"; };
		485009EC1E2FF23C009B6610 /* ElectrodeContainerTests.xctest */ = {isa = PBXFileReference; explicitFileType = wrapper.cfbundle; includeInIndex = 0; path = ElectrodeContainerTests.xctest; sourceTree = BUILT_PRODUCTS_DIR; };
		485009F31E2FF23C009B6610 /* Info.plist */ = {isa = PBXFileReference; lastKnownFileType = text.plist.xml; path = Info.plist; sourceTree = "<group>"; };
		48500A961E2FF55B009B6610 /* ElectrodeReactNative.h */ = {isa = PBXFileReference; fileEncoding = 4; lastKnownFileType = sourcecode.c.h; path = ElectrodeReactNative.h; sourceTree = "<group>"; };
		48500A971E2FF55B009B6610 /* ElectrodeReactNative.m */ = {isa = PBXFileReference; fileEncoding = 4; lastKnownFileType = sourcecode.c.objc; path = ElectrodeReactNative.m; sourceTree = "<group>"; wrapsLines = 0; };
		968333D51E54E3470031C565 /* ElectrodeBridgeDelegate.h */ = {isa = PBXFileReference; fileEncoding = 4; lastKnownFileType = sourcecode.c.h; path = ElectrodeBridgeDelegate.h; sourceTree = "<group>"; };
		968333D61E54E3470031C565 /* ElectrodeBridgeDelegate.m */ = {isa = PBXFileReference; fileEncoding = 4; lastKnownFileType = sourcecode.c.objc; path = ElectrodeBridgeDelegate.m; sourceTree = "<group>"; };
		EDC1F9E128CE46FC8C8507A6 /* ColorPickerAPI.swift */ = {isa = PBXFileReference; name = "ColorPickerAPI.swift"; path = "APIs/ColorPickerAPI.swift"; sourceTree = "<group>"; fileEncoding = 4; lastKnownFileType = sourcecode.swift; explicitFileType = undefined; includeInIndex = 0; };
		74A8BB9BF300472F97F936AF /* ColorPickerEvents.swift */ = {isa = PBXFileReference; name = "ColorPickerEvents.swift"; path = "APIs/ColorPickerEvents.swift"; sourceTree = "<group>"; fileEncoding = 4; lastKnownFileType = sourcecode.swift; explicitFileType = undefined; includeInIndex = 0; };
		FC7FDED2A6A8476B894D073B /* ColorPickerRequests.swift */ = {isa = PBXFileReference; name = "ColorPickerRequests.swift"; path = "APIs/ColorPickerRequests.swift"; sourceTree = "<group>"; fileEncoding = 4; lastKnownFileType = sourcecode.swift; explicitFileType = undefined; includeInIndex = 0; };
		1CD1AA30A55848DF92557E70 /* React.xcodeproj */ = {isa = PBXFileReference; name = "React.xcodeproj"; path = "ReactNative/React/React.xcodeproj"; sourceTree = "<group>"; fileEncoding = undefined; lastKnownFileType = wrapper.pb-project; explicitFileType = undefined; includeInIndex = 0; };
		ECD5D544DE934E1196CBAE77 /* libReact.a */ = {isa = PBXFileReference; name = "libReact.a"; path = "libReact.a"; sourceTree = "<group>"; fileEncoding = undefined; lastKnownFileType = archive.ar; explicitFileType = undefined; includeInIndex = 0; };
		51433AD1234E4A2B99458D32 /* RCTActionSheet.xcodeproj */ = {isa = PBXFileReference; name = "RCTActionSheet.xcodeproj"; path = "ReactNative/ActionSheetIOS/RCTActionSheet.xcodeproj"; sourceTree = "<group>"; fileEncoding = undefined; lastKnownFileType = wrapper.pb-project; explicitFileType = undefined; includeInIndex = 0; };
		FD4C9B5836574557A0A72630 /* libRCTActionSheet.a */ = {isa = PBXFileReference; name = "libRCTActionSheet.a"; path = "libRCTActionSheet.a"; sourceTree = "<group>"; fileEncoding = undefined; lastKnownFileType = archive.ar; explicitFileType = undefined; includeInIndex = 0; };
		D2FD74D338AC4BE4A1616450 /* RCTImage.xcodeproj */ = {isa = PBXFileReference; name = "RCTImage.xcodeproj"; path = "ReactNative/Image/RCTImage.xcodeproj"; sourceTree = "<group>"; fileEncoding = undefined; lastKnownFileType = wrapper.pb-project; explicitFileType = undefined; includeInIndex = 0; };
		113202D542064925A4E9475D /* libRCTImage.a */ = {isa = PBXFileReference; name = "libRCTImage.a"; path = "libRCTImage.a"; sourceTree = "<group>"; fileEncoding = undefined; lastKnownFileType = archive.ar; explicitFileType = undefined; includeInIndex = 0; };
		4CD9EF382D5B4567A1A90E15 /* RCTAnimation.xcodeproj */ = {isa = PBXFileReference; name = "RCTAnimation.xcodeproj"; path = "ReactNative/NativeAnimation/RCTAnimation.xcodeproj"; sourceTree = "<group>"; fileEncoding = undefined; lastKnownFileType = wrapper.pb-project; explicitFileType = undefined; includeInIndex = 0; };
		C1F1A03322F1477A9D7F9647 /* libRCTAnimation.a */ = {isa = PBXFileReference; name = "libRCTAnimation.a"; path = "libRCTAnimation.a"; sourceTree = "<group>"; fileEncoding = undefined; lastKnownFileType = archive.ar; explicitFileType = undefined; includeInIndex = 0; };
		A4BF4F224FD2415B9996C3B8 /* RCTText.xcodeproj */ = {isa = PBXFileReference; name = "RCTText.xcodeproj"; path = "ReactNative/Text/RCTText.xcodeproj"; sourceTree = "<group>"; fileEncoding = undefined; lastKnownFileType = wrapper.pb-project; explicitFileType = undefined; includeInIndex = 0; };
		1E9C83E94AAA4461935AEB45 /* libRCTText.a */ = {isa = PBXFileReference; name = "libRCTText.a"; path = "libRCTText.a"; sourceTree = "<group>"; fileEncoding = undefined; lastKnownFileType = archive.ar; explicitFileType = undefined; includeInIndex = 0; };
		5AF26F7676AB438A91F7F797 /* RCTWebSocket.xcodeproj */ = {isa = PBXFileReference; name = "RCTWebSocket.xcodeproj"; path = "ReactNative/WebSocket/RCTWebSocket.xcodeproj"; sourceTree = "<group>"; fileEncoding = undefined; lastKnownFileType = wrapper.pb-project; explicitFileType = undefined; includeInIndex = 0; };
		BC945EE2DD9F496EBDF58BBD /* libRCTWebSocket.a */ = {isa = PBXFileReference; name = "libRCTWebSocket.a"; path = "libRCTWebSocket.a"; sourceTree = "<group>"; fileEncoding = undefined; lastKnownFileType = archive.ar; explicitFileType = undefined; includeInIndex = 0; };
		BC0534E3EF0E4C2C8266D2D5 /* RCTGeolocation.xcodeproj */ = {isa = PBXFileReference; name = "RCTGeolocation.xcodeproj"; path = "ReactNative/Geolocation/RCTGeolocation.xcodeproj"; sourceTree = "<group>"; fileEncoding = undefined; lastKnownFileType = wrapper.pb-project; explicitFileType = undefined; includeInIndex = 0; };
		E907207549CF440397D6854F /* libRCTGeolocation.a */ = {isa = PBXFileReference; name = "libRCTGeolocation.a"; path = "libRCTGeolocation.a"; sourceTree = "<group>"; fileEncoding = undefined; lastKnownFileType = archive.ar; explicitFileType = undefined; includeInIndex = 0; };
		203E1E231DBF41D1A3845115 /* RCTLinking.xcodeproj */ = {isa = PBXFileReference; name = "RCTLinking.xcodeproj"; path = "ReactNative/LinkingIOS/RCTLinking.xcodeproj"; sourceTree = "<group>"; fileEncoding = undefined; lastKnownFileType = wrapper.pb-project; explicitFileType = undefined; includeInIndex = 0; };
		90EF349FABB14859B3A73D39 /* libRCTLinking.a */ = {isa = PBXFileReference; name = "libRCTLinking.a"; path = "libRCTLinking.a"; sourceTree = "<group>"; fileEncoding = undefined; lastKnownFileType = archive.ar; explicitFileType = undefined; includeInIndex = 0; };
		C490A5E499FB4846B22282C5 /* RCTNetwork.xcodeproj */ = {isa = PBXFileReference; name = "RCTNetwork.xcodeproj"; path = "ReactNative/Network/RCTNetwork.xcodeproj"; sourceTree = "<group>"; fileEncoding = undefined; lastKnownFileType = wrapper.pb-project; explicitFileType = undefined; includeInIndex = 0; };
		3E5DDDC70B1E4543B14DEA0B /* libRCTNetwork.a */ = {isa = PBXFileReference; name = "libRCTNetwork.a"; path = "libRCTNetwork.a"; sourceTree = "<group>"; fileEncoding = undefined; lastKnownFileType = archive.ar; explicitFileType = undefined; includeInIndex = 0; };
		10A24F957DC24E52A46A5445 /* RCTSettings.xcodeproj */ = {isa = PBXFileReference; name = "RCTSettings.xcodeproj"; path = "ReactNative/Settings/RCTSettings.xcodeproj"; sourceTree = "<group>"; fileEncoding = undefined; lastKnownFileType = wrapper.pb-project; explicitFileType = undefined; includeInIndex = 0; };
		9FD2D99301134F5AA2F1D525 /* libRCTSettings.a */ = {isa = PBXFileReference; name = "libRCTSettings.a"; path = "libRCTSettings.a"; sourceTree = "<group>"; fileEncoding = undefined; lastKnownFileType = archive.ar; explicitFileType = undefined; includeInIndex = 0; };
		63CC9A6B23CC4A4B895B1371 /* RCTVibration.xcodeproj */ = {isa = PBXFileReference; name = "RCTVibration.xcodeproj"; path = "ReactNative/Vibration/RCTVibration.xcodeproj"; sourceTree = "<group>"; fileEncoding = undefined; lastKnownFileType = wrapper.pb-project; explicitFileType = undefined; includeInIndex = 0; };
		F872ED84B3BC471BBE4413AF /* libRCTVibration.a */ = {isa = PBXFileReference; name = "libRCTVibration.a"; path = "libRCTVibration.a"; sourceTree = "<group>"; fileEncoding = undefined; lastKnownFileType = archive.ar; explicitFileType = undefined; includeInIndex = 0; };
		F14A785426D04A15AC37D8CC /* RCTCameraRoll.xcodeproj */ = {isa = PBXFileReference; name = "RCTCameraRoll.xcodeproj"; path = "ReactNative/CameraRoll/RCTCameraRoll.xcodeproj"; sourceTree = "<group>"; fileEncoding = undefined; lastKnownFileType = wrapper.pb-project; explicitFileType = undefined; includeInIndex = 0; };
		D426F954A41C4EF7B6718C33 /* libRCTCameraRoll.a */ = {isa = PBXFileReference; name = "libRCTCameraRoll.a"; path = "libRCTCameraRoll.a"; sourceTree = "<group>"; fileEncoding = undefined; lastKnownFileType = archive.ar; explicitFileType = undefined; includeInIndex = 0; };
		F983F319F2D8465DB6AE64F0 /* ElectrodeObject.swift */ = {isa = PBXFileReference; name = "ElectrodeObject.swift"; path = "ElectrodeReactNativeBridge/ElectrodeObject.swift"; sourceTree = "<group>"; fileEncoding = 4; lastKnownFileType = sourcecode.swift; explicitFileType = undefined; includeInIndex = 0; };
		8055B6883B7F45D9B101D9F3 /* Bridgeable.swift */ = {isa = PBXFileReference; name = "Bridgeable.swift"; path = "ElectrodeReactNativeBridge/Bridgeable.swift"; sourceTree = "<group>"; fileEncoding = 4; lastKnownFileType = sourcecode.swift; explicitFileType = undefined; includeInIndex = 0; };
		A0B7B72BE10F4F07A170CC93 /* ElectrodeRequestHandlerProcessor.swift */ = {isa = PBXFileReference; name = "ElectrodeRequestHandlerProcessor.swift"; path = "ElectrodeReactNativeBridge/ElectrodeRequestHandlerProcessor.swift"; sourceTree = "<group>"; fileEncoding = 4; lastKnownFileType = sourcecode.swift; explicitFileType = undefined; includeInIndex = 0; };
		5804F9E7BEE647ADA12CFB10 /* ElectrodeRequestProcessor.swift */ = {isa = PBXFileReference; name = "ElectrodeRequestProcessor.swift"; path = "ElectrodeReactNativeBridge/ElectrodeRequestProcessor.swift"; sourceTree = "<group>"; fileEncoding = 4; lastKnownFileType = sourcecode.swift; explicitFileType = undefined; includeInIndex = 0; };
		D47053F353964EC08B6E6F07 /* ElectrodeUtilities.swift */ = {isa = PBXFileReference; name = "ElectrodeUtilities.swift"; path = "ElectrodeReactNativeBridge/ElectrodeUtilities.swift"; sourceTree = "<group>"; fileEncoding = 4; lastKnownFileType = sourcecode.swift; explicitFileType = undefined; includeInIndex = 0; };
		FC65E1F45F744199BB7B7FEB /* EventListenerProcessor.swift */ = {isa = PBXFileReference; name = "EventListenerProcessor.swift"; path = "ElectrodeReactNativeBridge/EventListenerProcessor.swift"; sourceTree = "<group>"; fileEncoding = 4; lastKnownFileType = sourcecode.swift; explicitFileType = undefined; includeInIndex = 0; };
		1DCB005BD50F4B989AB27EEE /* EventProcessor.swift */ = {isa = PBXFileReference; name = "EventProcessor.swift"; path = "ElectrodeReactNativeBridge/EventProcessor.swift"; sourceTree = "<group>"; fileEncoding = 4; lastKnownFileType = sourcecode.swift; explicitFileType = undefined; includeInIndex = 0; };
		9E984F6447BA42B599CF1B3A /* Processor.swift */ = {isa = PBXFileReference; name = "Processor.swift"; path = "ElectrodeReactNativeBridge/Processor.swift"; sourceTree = "<group>"; fileEncoding = 4; lastKnownFileType = sourcecode.swift; explicitFileType = undefined; includeInIndex = 0; };
		B443C3539FE3486782F10C48 /* None.swift */ = {isa = PBXFileReference; name = "None.swift"; path = "ElectrodeReactNativeBridge/None.swift"; sourceTree = "<group>"; fileEncoding = 4; lastKnownFileType = sourcecode.swift; explicitFileType = undefined; includeInIndex = 0; };
		36593708E5C2484F8B5F331C /* ElectrodeBridgeEvent.m */ = {isa = PBXFileReference; name = "ElectrodeBridgeEvent.m"; path = "ElectrodeReactNativeBridge/ElectrodeBridgeEvent.m"; sourceTree = "<group>"; fileEncoding = 4; lastKnownFileType = sourcecode.c.objc; explicitFileType = undefined; includeInIndex = 0; };
		B2556F7C47A64D98B6955BBC /* ElectrodeBridgeFailureMessage.m */ = {isa = PBXFileReference; name = "ElectrodeBridgeFailureMessage.m"; path = "ElectrodeReactNativeBridge/ElectrodeBridgeFailureMessage.m"; sourceTree = "<group>"; fileEncoding = 4; lastKnownFileType = sourcecode.c.objc; explicitFileType = undefined; includeInIndex = 0; };
		FA87F6D3B1594F7680C530AA /* ElectrodeBridgeHolder.m */ = {isa = PBXFileReference; name = "ElectrodeBridgeHolder.m"; path = "ElectrodeReactNativeBridge/ElectrodeBridgeHolder.m"; sourceTree = "<group>"; fileEncoding = 4; lastKnownFileType = sourcecode.c.objc; explicitFileType = undefined; includeInIndex = 0; };
		6B007049A0EF48F598F793AB /* ElectrodeBridgeMessage.m */ = {isa = PBXFileReference; name = "ElectrodeBridgeMessage.m"; path = "ElectrodeReactNativeBridge/ElectrodeBridgeMessage.m"; sourceTree = "<group>"; fileEncoding = 4; lastKnownFileType = sourcecode.c.objc; explicitFileType = undefined; includeInIndex = 0; };
		D9853CA4BCCC4A23AD4F543D /* ElectrodeBridgeProtocols.m */ = {isa = PBXFileReference; name = "ElectrodeBridgeProtocols.m"; path = "ElectrodeReactNativeBridge/ElectrodeBridgeProtocols.m"; sourceTree = "<group>"; fileEncoding = 4; lastKnownFileType = sourcecode.c.objc; explicitFileType = undefined; includeInIndex = 0; };
		D6C1CF1555164D58889C8BF8 /* ElectrodeBridgeRequest.m */ = {isa = PBXFileReference; name = "ElectrodeBridgeRequest.m"; path = "ElectrodeReactNativeBridge/ElectrodeBridgeRequest.m"; sourceTree = "<group>"; fileEncoding = 4; lastKnownFileType = sourcecode.c.objc; explicitFileType = undefined; includeInIndex = 0; };
		CD1DA650BFCF4637BD057DAE /* ElectrodeBridgeResponse.m */ = {isa = PBXFileReference; name = "ElectrodeBridgeResponse.m"; path = "ElectrodeReactNativeBridge/ElectrodeBridgeResponse.m"; sourceTree = "<group>"; fileEncoding = 4; lastKnownFileType = sourcecode.c.objc; explicitFileType = undefined; includeInIndex = 0; };
		7D9B29092B724D0F9B5515F6 /* ElectrodeBridgeTransaction.m */ = {isa = PBXFileReference; name = "ElectrodeBridgeTransaction.m"; path = "ElectrodeReactNativeBridge/ElectrodeBridgeTransaction.m"; sourceTree = "<group>"; fileEncoding = 4; lastKnownFileType = sourcecode.c.objc; explicitFileType = undefined; includeInIndex = 0; };
		5F13241E59D74DA590278C7E /* ElectrodeBridgeTransceiver.m */ = {isa = PBXFileReference; name = "ElectrodeBridgeTransceiver.m"; path = "ElectrodeReactNativeBridge/ElectrodeBridgeTransceiver.m"; sourceTree = "<group>"; fileEncoding = 4; lastKnownFileType = sourcecode.c.objc; explicitFileType = undefined; includeInIndex = 0; };
		62AAB300EC1C4E73AFE196E5 /* ElectrodeEventDispatcher.m */ = {isa = PBXFileReference; name = "ElectrodeEventDispatcher.m"; path = "ElectrodeReactNativeBridge/ElectrodeEventDispatcher.m"; sourceTree = "<group>"; fileEncoding = 4; lastKnownFileType = sourcecode.c.objc; explicitFileType = undefined; includeInIndex = 0; };
		98F4A4862DD5421EAEA7E43E /* ElectrodeEventRegistrar.m */ = {isa = PBXFileReference; name = "ElectrodeEventRegistrar.m"; path = "ElectrodeReactNativeBridge/ElectrodeEventRegistrar.m"; sourceTree = "<group>"; fileEncoding = 4; lastKnownFileType = sourcecode.c.objc; explicitFileType = undefined; includeInIndex = 0; };
		31226BBD25BF42569F6DFC89 /* ElectrodeRequestDispatcher.m */ = {isa = PBXFileReference; name = "ElectrodeRequestDispatcher.m"; path = "ElectrodeReactNativeBridge/ElectrodeRequestDispatcher.m"; sourceTree = "<group>"; fileEncoding = 4; lastKnownFileType = sourcecode.c.objc; explicitFileType = undefined; includeInIndex = 0; };
		0BB5B31FBE314C52B8FA2257 /* ElectrodeRequestRegistrar.m */ = {isa = PBXFileReference; name = "ElectrodeRequestRegistrar.m"; path = "ElectrodeReactNativeBridge/ElectrodeRequestRegistrar.m"; sourceTree = "<group>"; fileEncoding = 4; lastKnownFileType = sourcecode.c.objc; explicitFileType = undefined; includeInIndex = 0; };
		07DFC3A2959540D6862FDBF2 /* ElectrodeLogger.m */ = {isa = PBXFileReference; name = "ElectrodeLogger.m"; path = "ElectrodeReactNativeBridge/ElectrodeLogger.m"; sourceTree = "<group>"; fileEncoding = 4; lastKnownFileType = sourcecode.c.objc; explicitFileType = undefined; includeInIndex = 0; };
		C31B4AF981664FB48BD28BF6 /* ElectrodeBridgeEvent.h */ = {isa = PBXFileReference; name = "ElectrodeBridgeEvent.h"; path = "ElectrodeReactNativeBridge/ElectrodeBridgeEvent.h"; sourceTree = "<group>"; fileEncoding = 4; lastKnownFileType = sourcecode.c.h; explicitFileType = undefined; includeInIndex = 0; };
		4DF58222C76849E89B23BAF2 /* ElectrodeBridgeFailureMessage.h */ = {isa = PBXFileReference; name = "ElectrodeBridgeFailureMessage.h"; path = "ElectrodeReactNativeBridge/ElectrodeBridgeFailureMessage.h"; sourceTree = "<group>"; fileEncoding = 4; lastKnownFileType = sourcecode.c.h; explicitFileType = undefined; includeInIndex = 0; };
		0A4BA76A0DB74F5BA30F54EA /* ElectrodeBridgeHolder.h */ = {isa = PBXFileReference; name = "ElectrodeBridgeHolder.h"; path = "ElectrodeReactNativeBridge/ElectrodeBridgeHolder.h"; sourceTree = "<group>"; fileEncoding = 4; lastKnownFileType = sourcecode.c.h; explicitFileType = undefined; includeInIndex = 0; };
		7F156FF426A941ADBE9C3D6D /* ElectrodeBridgeMessage.h */ = {isa = PBXFileReference; name = "ElectrodeBridgeMessage.h"; path = "ElectrodeReactNativeBridge/ElectrodeBridgeMessage.h"; sourceTree = "<group>"; fileEncoding = 4; lastKnownFileType = sourcecode.c.h; explicitFileType = undefined; includeInIndex = 0; };
		004CA04A56354B75BD39C77F /* ElectrodeBridgeProtocols.h */ = {isa = PBXFileReference; name = "ElectrodeBridgeProtocols.h"; path = "ElectrodeReactNativeBridge/ElectrodeBridgeProtocols.h"; sourceTree = "<group>"; fileEncoding = 4; lastKnownFileType = sourcecode.c.h; explicitFileType = undefined; includeInIndex = 0; };
		435CA2A1F7DD4E1C854D5D63 /* ElectrodeBridgeRequest.h */ = {isa = PBXFileReference; name = "ElectrodeBridgeRequest.h"; path = "ElectrodeReactNativeBridge/ElectrodeBridgeRequest.h"; sourceTree = "<group>"; fileEncoding = 4; lastKnownFileType = sourcecode.c.h; explicitFileType = undefined; includeInIndex = 0; };
		07308169C673470F8C39C2F1 /* ElectrodeBridgeTransaction.h */ = {isa = PBXFileReference; name = "ElectrodeBridgeTransaction.h"; path = "ElectrodeReactNativeBridge/ElectrodeBridgeTransaction.h"; sourceTree = "<group>"; fileEncoding = 4; lastKnownFileType = sourcecode.c.h; explicitFileType = undefined; includeInIndex = 0; };
		5F958F5E9D1041A29413FA3D /* ElectrodeBridgeTransceiver.h */ = {isa = PBXFileReference; name = "ElectrodeBridgeTransceiver.h"; path = "ElectrodeReactNativeBridge/ElectrodeBridgeTransceiver.h"; sourceTree = "<group>"; fileEncoding = 4; lastKnownFileType = sourcecode.c.h; explicitFileType = undefined; includeInIndex = 0; };
		B12A45E62D064021AC229B73 /* ElectrodeBridgeTransceiver_Internal.h */ = {isa = PBXFileReference; name = "ElectrodeBridgeTransceiver_Internal.h"; path = "ElectrodeReactNativeBridge/ElectrodeBridgeTransceiver_Internal.h"; sourceTree = "<group>"; fileEncoding = 4; lastKnownFileType = sourcecode.c.h; explicitFileType = undefined; includeInIndex = 0; };
		92DB9FAF06F6452BAA6EE304 /* ElectrodeEventDispatcher.h */ = {isa = PBXFileReference; name = "ElectrodeEventDispatcher.h"; path = "ElectrodeReactNativeBridge/ElectrodeEventDispatcher.h"; sourceTree = "<group>"; fileEncoding = 4; lastKnownFileType = sourcecode.c.h; explicitFileType = undefined; includeInIndex = 0; };
		59DFFEDB942E499A9781705A /* ElectrodeEventRegistrar.h */ = {isa = PBXFileReference; name = "ElectrodeEventRegistrar.h"; path = "ElectrodeReactNativeBridge/ElectrodeEventRegistrar.h"; sourceTree = "<group>"; fileEncoding = 4; lastKnownFileType = sourcecode.c.h; explicitFileType = undefined; includeInIndex = 0; };
		4AEBA42F3B9245AFA2EBD6AD /* ElectrodeRequestDispatcher.h */ = {isa = PBXFileReference; name = "ElectrodeRequestDispatcher.h"; path = "ElectrodeReactNativeBridge/ElectrodeRequestDispatcher.h"; sourceTree = "<group>"; fileEncoding = 4; lastKnownFileType = sourcecode.c.h; explicitFileType = undefined; includeInIndex = 0; };
		D0CBB7B6CCAE46C294499EEB /* ElectrodeRequestRegistrar.h */ = {isa = PBXFileReference; name = "ElectrodeRequestRegistrar.h"; path = "ElectrodeReactNativeBridge/ElectrodeRequestRegistrar.h"; sourceTree = "<group>"; fileEncoding = 4; lastKnownFileType = sourcecode.c.h; explicitFileType = undefined; includeInIndex = 0; };
		E511B7705B124149A188401E /* ElectrodeReactNativeBridge.h */ = {isa = PBXFileReference; name = "ElectrodeReactNativeBridge.h"; path = "ElectrodeReactNativeBridge/ElectrodeReactNativeBridge.h"; sourceTree = "<group>"; fileEncoding = 4; lastKnownFileType = sourcecode.c.h; explicitFileType = undefined; includeInIndex = 0; };
		A0D33734D7CB4D668E340A0B /* ElectrodeBridgeResponse.h */ = {isa = PBXFileReference; name = "ElectrodeBridgeResponse.h"; path = "ElectrodeReactNativeBridge/ElectrodeBridgeResponse.h"; sourceTree = "<group>"; fileEncoding = 4; lastKnownFileType = sourcecode.c.h; explicitFileType = undefined; includeInIndex = 0; };
		04E6348ED19E4936B2DA1608 /* ElectrodeLogger.h */ = {isa = PBXFileReference; name = "ElectrodeLogger.h"; path = "ElectrodeReactNativeBridge/ElectrodeLogger.h"; sourceTree = "<group>"; fileEncoding = 4; lastKnownFileType = sourcecode.c.h; explicitFileType = undefined; includeInIndex = 0; };
		56A8D89A4C774C5FA9922403 /* BirthYear.swift */ = {isa = PBXFileReference; name = "BirthYear.swift"; path = "APIs/BirthYear.swift"; sourceTree = "<group>"; fileEncoding = 4; lastKnownFileType = sourcecode.swift; explicitFileType = undefined; includeInIndex = 0; };
		70A3F6F7AB3141AEA9CA2DCA /* Movie.swift */ = {isa = PBXFileReference; name = "Movie.swift"; path = "APIs/Movie.swift"; sourceTree = "<group>"; fileEncoding = 4; lastKnownFileType = sourcecode.swift; explicitFileType = undefined; includeInIndex = 0; };
		602F8E1CF1B849B8835F52A7 /* MoviesAPI.swift */ = {isa = PBXFileReference; name = "MoviesAPI.swift"; path = "APIs/MoviesAPI.swift"; sourceTree = "<group>"; fileEncoding = 4; lastKnownFileType = sourcecode.swift; explicitFileType = undefined; includeInIndex = 0; };
		27DDC4E2431541C0A1EB93A1 /* MoviesRequests.swift */ = {isa = PBXFileReference; name = "MoviesRequests.swift"; path = "APIs/MoviesRequests.swift"; sourceTree = "<group>"; fileEncoding = 4; lastKnownFileType = sourcecode.swift; explicitFileType = undefined; includeInIndex = 0; };
		14DF26D872D5468390051FE1 /* Person.swift */ = {isa = PBXFileReference; name = "Person.swift"; path = "APIs/Person.swift"; sourceTree = "<group>"; fileEncoding = 4; lastKnownFileType = sourcecode.swift; explicitFileType = undefined; includeInIndex = 0; };
		CE354B5D15334ECA8083CE58 /* Synopsis.swift */ = {isa = PBXFileReference; name = "Synopsis.swift"; path = "APIs/Synopsis.swift"; sourceTree = "<group>"; fileEncoding = 4; lastKnownFileType = sourcecode.swift; explicitFileType = undefined; includeInIndex = 0; };
		3FF396353E49446785C0F17C /* NavigateData.swift */ = {isa = PBXFileReference; name = "NavigateData.swift"; path = "APIs/NavigateData.swift"; sourceTree = "<group>"; fileEncoding = 4; lastKnownFileType = sourcecode.swift; explicitFileType = undefined; includeInIndex = 0; };
		9F8F6DC4364041C9BEB4E22A /* NavigationAPI.swift */ = {isa = PBXFileReference; name = "NavigationAPI.swift"; path = "APIs/NavigationAPI.swift"; sourceTree = "<group>"; fileEncoding = 4; lastKnownFileType = sourcecode.swift; explicitFileType = undefined; includeInIndex = 0; };
		B9CF7B719F11417BA71C937C /* NavigationRequests.swift */ = {isa = PBXFileReference; name = "NavigationRequests.swift"; path = "APIs/NavigationRequests.swift"; sourceTree = "<group>"; fileEncoding = 4; lastKnownFileType = sourcecode.swift; explicitFileType = undefined; includeInIndex = 0; };
/* End PBXFileReference section */

/* Begin PBXFrameworksBuildPhase section */
		485009DF1E2FF23B009B6610 /* Frameworks */ = {
			isa = PBXFrameworksBuildPhase;
			buildActionMask = 2147483647;
			files = (
				217EDD976F694440B777B648 /* libReact.a in Frameworks */,
				B0C2DDEEBC17475BB68F6DD7 /* libRCTActionSheet.a in Frameworks */,
				661F15B702394878A859B880 /* libRCTImage.a in Frameworks */,
				C31D9BCE550E49428A51C9D5 /* libRCTAnimation.a in Frameworks */,
				1C6A6E81ED68457580F2E9EE /* libRCTText.a in Frameworks */,
				0908ECE850A34A1F9B1E5279 /* libRCTWebSocket.a in Frameworks */,
				CA0C654208B74AEFB1E12638 /* libRCTGeolocation.a in Frameworks */,
				43D0DC62565D43A08E2F19F8 /* libRCTLinking.a in Frameworks */,
				7BE4CCD13E5E4EB088A1A61C /* libRCTNetwork.a in Frameworks */,
				94E9D075D12F480FA4441297 /* libRCTSettings.a in Frameworks */,
				8B19EE3831654B6CB8E48210 /* libRCTVibration.a in Frameworks */,
				D82AF15AB5E84A909FA3B45E /* libRCTCameraRoll.a in Frameworks */,
			);
			runOnlyForDeploymentPostprocessing = 0;
		};
		485009E91E2FF23C009B6610 /* Frameworks */ = {
			isa = PBXFrameworksBuildPhase;
			buildActionMask = 2147483647;
			files = (
				485009ED1E2FF23C009B6610 /* ElectrodeContainer.framework in Frameworks */,
			);
			runOnlyForDeploymentPostprocessing = 0;
		};
/* End PBXFrameworksBuildPhase section */

/* Begin PBXGroup section */
		226325CE1E80594F00CD0B10 /* ReactNative */ = {
			isa = PBXGroup;
			children = (
				1CD1AA30A55848DF92557E70 /* React.xcodeproj */,
				51433AD1234E4A2B99458D32 /* RCTActionSheet.xcodeproj */,
				D2FD74D338AC4BE4A1616450 /* RCTImage.xcodeproj */,
				4CD9EF382D5B4567A1A90E15 /* RCTAnimation.xcodeproj */,
				A4BF4F224FD2415B9996C3B8 /* RCTText.xcodeproj */,
				5AF26F7676AB438A91F7F797 /* RCTWebSocket.xcodeproj */,
				BC0534E3EF0E4C2C8266D2D5 /* RCTGeolocation.xcodeproj */,
				203E1E231DBF41D1A3845115 /* RCTLinking.xcodeproj */,
				C490A5E499FB4846B22282C5 /* RCTNetwork.xcodeproj */,
				10A24F957DC24E52A46A5445 /* RCTSettings.xcodeproj */,
				63CC9A6B23CC4A4B895B1371 /* RCTVibration.xcodeproj */,
				F14A785426D04A15AC37D8CC /* RCTCameraRoll.xcodeproj */,
			);
			name = ReactNative;
			sourceTree = "<group>";
		};
		22C096A91EA0893F00E1486A /* APIs */ = {
			isa = PBXGroup;
			children = (
				EDC1F9E128CE46FC8C8507A6 /* ColorPickerAPI.swift */,
				74A8BB9BF300472F97F936AF /* ColorPickerEvents.swift */,
				FC7FDED2A6A8476B894D073B /* ColorPickerRequests.swift */,
				56A8D89A4C774C5FA9922403 /* BirthYear.swift */,
				70A3F6F7AB3141AEA9CA2DCA /* Movie.swift */,
				602F8E1CF1B849B8835F52A7 /* MoviesAPI.swift */,
				27DDC4E2431541C0A1EB93A1 /* MoviesRequests.swift */,
				14DF26D872D5468390051FE1 /* Person.swift */,
				CE354B5D15334ECA8083CE58 /* Synopsis.swift */,
				3FF396353E49446785C0F17C /* NavigateData.swift */,
				9F8F6DC4364041C9BEB4E22A /* NavigationAPI.swift */,
				B9CF7B719F11417BA71C937C /* NavigationRequests.swift */,
			);
			name = APIs;
			sourceTree = "<group>";
		};
		22FD4D1E1E96ECBB00FC81DB /* ElectrodeReactNativeBridge */ = {
			isa = PBXGroup;
			children = (
				F983F319F2D8465DB6AE64F0 /* ElectrodeObject.swift */,
				8055B6883B7F45D9B101D9F3 /* Bridgeable.swift */,
				A0B7B72BE10F4F07A170CC93 /* ElectrodeRequestHandlerProcessor.swift */,
				5804F9E7BEE647ADA12CFB10 /* ElectrodeRequestProcessor.swift */,
				D47053F353964EC08B6E6F07 /* ElectrodeUtilities.swift */,
				FC65E1F45F744199BB7B7FEB /* EventListenerProcessor.swift */,
				1DCB005BD50F4B989AB27EEE /* EventProcessor.swift */,
				9E984F6447BA42B599CF1B3A /* Processor.swift */,
				B443C3539FE3486782F10C48 /* None.swift */,
				36593708E5C2484F8B5F331C /* ElectrodeBridgeEvent.m */,
				B2556F7C47A64D98B6955BBC /* ElectrodeBridgeFailureMessage.m */,
				FA87F6D3B1594F7680C530AA /* ElectrodeBridgeHolder.m */,
				6B007049A0EF48F598F793AB /* ElectrodeBridgeMessage.m */,
				D9853CA4BCCC4A23AD4F543D /* ElectrodeBridgeProtocols.m */,
				D6C1CF1555164D58889C8BF8 /* ElectrodeBridgeRequest.m */,
				CD1DA650BFCF4637BD057DAE /* ElectrodeBridgeResponse.m */,
				7D9B29092B724D0F9B5515F6 /* ElectrodeBridgeTransaction.m */,
				5F13241E59D74DA590278C7E /* ElectrodeBridgeTransceiver.m */,
				62AAB300EC1C4E73AFE196E5 /* ElectrodeEventDispatcher.m */,
				98F4A4862DD5421EAEA7E43E /* ElectrodeEventRegistrar.m */,
				31226BBD25BF42569F6DFC89 /* ElectrodeRequestDispatcher.m */,
				0BB5B31FBE314C52B8FA2257 /* ElectrodeRequestRegistrar.m */,
				07DFC3A2959540D6862FDBF2 /* ElectrodeLogger.m */,
				C31B4AF981664FB48BD28BF6 /* ElectrodeBridgeEvent.h */,
				4DF58222C76849E89B23BAF2 /* ElectrodeBridgeFailureMessage.h */,
				0A4BA76A0DB74F5BA30F54EA /* ElectrodeBridgeHolder.h */,
				7F156FF426A941ADBE9C3D6D /* ElectrodeBridgeMessage.h */,
				004CA04A56354B75BD39C77F /* ElectrodeBridgeProtocols.h */,
				435CA2A1F7DD4E1C854D5D63 /* ElectrodeBridgeRequest.h */,
				07308169C673470F8C39C2F1 /* ElectrodeBridgeTransaction.h */,
				5F958F5E9D1041A29413FA3D /* ElectrodeBridgeTransceiver.h */,
				B12A45E62D064021AC229B73 /* ElectrodeBridgeTransceiver_Internal.h */,
				92DB9FAF06F6452BAA6EE304 /* ElectrodeEventDispatcher.h */,
				59DFFEDB942E499A9781705A /* ElectrodeEventRegistrar.h */,
				4AEBA42F3B9245AFA2EBD6AD /* ElectrodeRequestDispatcher.h */,
				D0CBB7B6CCAE46C294499EEB /* ElectrodeRequestRegistrar.h */,
				E511B7705B124149A188401E /* ElectrodeReactNativeBridge.h */,
				A0D33734D7CB4D668E340A0B /* ElectrodeBridgeResponse.h */,
				04E6348ED19E4936B2DA1608 /* ElectrodeLogger.h */,
			);
			name = ElectrodeReactNativeBridge;
			sourceTree = "<group>";
		};
		301CBA4B1F342FB00048C58B /* Resources */ = {
			isa = PBXGroup;
			children = (
			);
			name = Resources;
			sourceTree = "<group>";
		};
		485009D91E2FF23B009B6610 = {
			isa = PBXGroup;
			children = (
				485009E51E2FF23B009B6610 /* ElectrodeContainer */,
				485009F01E2FF23C009B6610 /* ElectrodeContainerTests */,
				485009E41E2FF23B009B6610 /* Products */,
				485009FD1E2FF25D009B6610 /* Libraries */,
				48500AA71E2FFA14009B6610 /* Frameworks */,
			);
			sourceTree = "<group>";
		};
		485009E41E2FF23B009B6610 /* Products */ = {
			isa = PBXGroup;
			children = (
				485009E31E2FF23B009B6610 /* ElectrodeContainer.framework */,
				485009EC1E2FF23C009B6610 /* ElectrodeContainerTests.xctest */,
			);
			name = Products;
			sourceTree = "<group>";
		};
		485009E51E2FF23B009B6610 /* ElectrodeContainer */ = {
			isa = PBXGroup;
			children = (
				7F9A82FD1FB117530026F523 /* APIImpls */,
				301CBA4B1F342FB00048C58B /* Resources */,
				2265A4A11EB26943007D6C3D /* Info.plist */,
				22C096A91EA0893F00E1486A /* APIs */,
				22FD4D1E1E96ECBB00FC81DB /* ElectrodeReactNativeBridge */,
				968333D51E54E3470031C565 /* ElectrodeBridgeDelegate.h */,
				968333D61E54E3470031C565 /* ElectrodeBridgeDelegate.m */,
				485009E61E2FF23B009B6610 /* ElectrodeContainer.h */,
				48500A961E2FF55B009B6610 /* ElectrodeReactNative.h */,
				30F8CDED1E67946E00413247 /* ElectrodeReactNative_Internal.h */,
				48500A971E2FF55B009B6610 /* ElectrodeReactNative.m */,
				301CB9011F33F3450048C58B /* NSBundle+frameworkBundle.h */,
				301CB9001F33F3450048C58B /* NSBundle+frameworkBundle.m */,
			);
			path = ElectrodeContainer;
			name = ElectrodeContainer;
			sourceTree = "<group>";
		};
		485009F01E2FF23C009B6610 /* ElectrodeContainerTests */ = {
			isa = PBXGroup;
			children = (
				485009F31E2FF23C009B6610 /* Info.plist */,
			);
			path = ElectrodeContainerTests;
			sourceTree = "<group>";
		};
		485009FD1E2FF25D009B6610 /* Libraries */ = {
			isa = PBXGroup;
			children = (
				226325CE1E80594F00CD0B10 /* ReactNative */,
				9654B8921E5CCA1D00AFF607 /* MiniApp */,
			);
			name = Libraries;
			path = ElectrodeContainer/Libraries;
			sourceTree = "<group>";
		};
		48500AA71E2FFA14009B6610 /* Frameworks */ = {
			isa = PBXGroup;
			children = (
			);
			name = Frameworks;
			sourceTree = "<group>";
		};
		7F9A82FD1FB117530026F523 /* APIImpls */ = {
			isa = PBXGroup;
			children = (
			);
			name = APIImpls;
			sourceTree = "<group>";
		};
		9654B8921E5CCA1D00AFF607 /* MiniApp */ = {
			isa = PBXGroup;
			children = (
				22BF1FEA1E8DAAF800E7F500 /* assets */,
				223A89451E89CDC70092741E /* MiniApp.jsbundle */,
			);
			path = MiniApp;
			sourceTree = "<group>";
		};
		C7F81419A2934BEB99D58661 /* Products */ = {
			isa = PBXGroup;
			children = (
				ECD5D544DE934E1196CBAE77 /* libReact.a */,
			);
			name = Products;
			path = undefined;
			sourceTree = "<group>";
		};
		61F28DC1B63C469B8BFF55F7 /* Products */ = {
			isa = PBXGroup;
			children = (
				FD4C9B5836574557A0A72630 /* libRCTActionSheet.a */,
			);
			name = Products;
			path = undefined;
			sourceTree = "<group>";
		};
		CD02213D666541C49F327834 /* Products */ = {
			isa = PBXGroup;
			children = (
				113202D542064925A4E9475D /* libRCTImage.a */,
			);
			name = Products;
			path = undefined;
			sourceTree = "<group>";
		};
		CB3FC6C0D1DE43CC966D26DF /* Products */ = {
			isa = PBXGroup;
			children = (
				C1F1A03322F1477A9D7F9647 /* libRCTAnimation.a */,
			);
			name = Products;
			path = undefined;
			sourceTree = "<group>";
		};
		0988A70FF83246688BDF74ED /* Products */ = {
			isa = PBXGroup;
			children = (
				1E9C83E94AAA4461935AEB45 /* libRCTText.a */,
			);
			name = Products;
			path = undefined;
			sourceTree = "<group>";
		};
		1E91B56589FC4B10B405EBBF /* Products */ = {
			isa = PBXGroup;
			children = (
				BC945EE2DD9F496EBDF58BBD /* libRCTWebSocket.a */,
			);
			name = Products;
			path = undefined;
			sourceTree = "<group>";
		};
		9A65EBEA5F634005BCD0EC87 /* Products */ = {
			isa = PBXGroup;
			children = (
				E907207549CF440397D6854F /* libRCTGeolocation.a */,
			);
			name = Products;
			path = undefined;
			sourceTree = "<group>";
		};
		EDB08D77437549A0A440C034 /* Products */ = {
			isa = PBXGroup;
			children = (
				90EF349FABB14859B3A73D39 /* libRCTLinking.a */,
			);
			name = Products;
			path = undefined;
			sourceTree = "<group>";
		};
		EA4ADFAE957A43D4886FA945 /* Products */ = {
			isa = PBXGroup;
			children = (
				3E5DDDC70B1E4543B14DEA0B /* libRCTNetwork.a */,
			);
			name = Products;
			path = undefined;
			sourceTree = "<group>";
		};
		9EFB8E2525A74070966ACF06 /* Products */ = {
			isa = PBXGroup;
			children = (
				9FD2D99301134F5AA2F1D525 /* libRCTSettings.a */,
			);
			name = Products;
			path = undefined;
			sourceTree = "<group>";
		};
		3BB88A26E5BF4FED89FA8437 /* Products */ = {
			isa = PBXGroup;
			children = (
				F872ED84B3BC471BBE4413AF /* libRCTVibration.a */,
			);
			name = Products;
			path = undefined;
			sourceTree = "<group>";
		};
		DAC15424038E495DBBE59DEF /* Products */ = {
			isa = PBXGroup;
			children = (
				D426F954A41C4EF7B6718C33 /* libRCTCameraRoll.a */,
			);
			name = Products;
			path = undefined;
			sourceTree = "<group>";
		};
/* End PBXGroup section */

/* Begin PBXHeadersBuildPhase section */
		485009E01E2FF23B009B6610 /* Headers */ = {
			isa = PBXHeadersBuildPhase;
			buildActionMask = 2147483647;
			files = (
				485009F41E2FF23C009B6610 /* ElectrodeContainer.h in Headers */,
				968333D71E54E3470031C565 /* ElectrodeBridgeDelegate.h in Headers */,
				301CB9031F33F3450048C58B /* NSBundle+frameworkBundle.h in Headers */,
				30F8CDEE1E67946E00413247 /* ElectrodeReactNative_Internal.h in Headers */,
				48500A981E2FF55B009B6610 /* ElectrodeReactNative.h in Headers */,
				94F4B1B6736644E482C55285 /* ElectrodeBridgeEvent.h in Headers */,
				EC4083122F3C4DD5B5A5AD82 /* ElectrodeBridgeFailureMessage.h in Headers */,
				81C5F652FD6C445CBEDAA38D /* ElectrodeBridgeHolder.h in Headers */,
				FF101F04EF5844C796B44869 /* ElectrodeBridgeMessage.h in Headers */,
				8A93E7810C74478582464FDD /* ElectrodeBridgeProtocols.h in Headers */,
				DC6C1F77C5404EDD9F7EEF1B /* ElectrodeBridgeRequest.h in Headers */,
				FBAB7BF0F84F461780EEE9D3 /* ElectrodeBridgeTransaction.h in Headers */,
				86377C1A3D034739BE058389 /* ElectrodeBridgeTransceiver.h in Headers */,
				98C1772C873A4C6A84AEE1C1 /* ElectrodeBridgeTransceiver_Internal.h in Headers */,
				942620A4D5F84AB988072C8F /* ElectrodeEventDispatcher.h in Headers */,
				2BC53D5F01EA44088A574461 /* ElectrodeEventRegistrar.h in Headers */,
				52895E282D024C02A441AA26 /* ElectrodeRequestDispatcher.h in Headers */,
				33F6B255B225483BB9E03DDF /* ElectrodeRequestRegistrar.h in Headers */,
				A2654C7A1AE34399BCB95E1E /* ElectrodeReactNativeBridge.h in Headers */,
				F43E3A017B634A80AFC5363D /* ElectrodeBridgeResponse.h in Headers */,
				0B83DBF6A2574F1384C2CBE7 /* ElectrodeLogger.h in Headers */,
			);
			runOnlyForDeploymentPostprocessing = 0;
		};
/* End PBXHeadersBuildPhase section */

/* Begin PBXNativeTarget section */
		485009E21E2FF23B009B6610 /* ElectrodeContainer */ = {
			isa = PBXNativeTarget;
			buildConfigurationList = 485009F71E2FF23C009B6610 /* Build configuration list for PBXNativeTarget "ElectrodeContainer" */;
			buildPhases = (
				485009DE1E2FF23B009B6610 /* Sources */,
				485009DF1E2FF23B009B6610 /* Frameworks */,
				485009E01E2FF23B009B6610 /* Headers */,
				485009E11E2FF23B009B6610 /* Resources */,
			);
			buildRules = (
			);
			dependencies = (
				84979448003443E18F26D1BD /* PBXTargetDependency */,
				B8D7D4B4F6F445EBBA327375 /* PBXTargetDependency */,
				995CD9E8BEC9442F9B35E481 /* PBXTargetDependency */,
				959101E87E06491A88164D9D /* PBXTargetDependency */,
				D0B473B45F714CC9810E6006 /* PBXTargetDependency */,
				A683067C16564931BF3D5BA6 /* PBXTargetDependency */,
				5A2061291B2F4C5CAECBBD39 /* PBXTargetDependency */,
				13A10494445C461DB98F475D /* PBXTargetDependency */,
				B21C872031794122A8A3416D /* PBXTargetDependency */,
				C8D8CFBFE3E346AFA811A667 /* PBXTargetDependency */,
				8334F631BF434D7D8B346AA3 /* PBXTargetDependency */,
				519D925776D240F1AD57FE7E /* PBXTargetDependency */,
			);
			name = ElectrodeContainer;
			productName = ElectrodeContainer;
			productReference = 485009E31E2FF23B009B6610 /* ElectrodeContainer.framework */;
			productType = "com.apple.product-type.framework";
		};
		485009EB1E2FF23C009B6610 /* ElectrodeContainerTests */ = {
			isa = PBXNativeTarget;
			buildConfigurationList = 485009FA1E2FF23C009B6610 /* Build configuration list for PBXNativeTarget "ElectrodeContainerTests" */;
			buildPhases = (
				485009E81E2FF23C009B6610 /* Sources */,
				485009E91E2FF23C009B6610 /* Frameworks */,
				485009EA1E2FF23C009B6610 /* Resources */,
			);
			buildRules = (
			);
			dependencies = (
				485009EF1E2FF23C009B6610 /* PBXTargetDependency */,
			);
			name = ElectrodeContainerTests;
			productName = ElectrodeContainerTests;
			productReference = 485009EC1E2FF23C009B6610 /* ElectrodeContainerTests.xctest */;
			productType = "com.apple.product-type.bundle.unit-test";
		};
/* End PBXNativeTarget section */

/* Begin PBXProject section */
		485009DA1E2FF23B009B6610 /* Project object */ = {
			isa = PBXProject;
			attributes = {
				LastUpgradeCheck = 820;
				ORGANIZATIONNAME = Walmart;
				TargetAttributes = {
					485009E21E2FF23B009B6610 = {
						CreatedOnToolsVersion = 8.2.1;
						ProvisioningStyle = Automatic;
					};
					485009EB1E2FF23C009B6610 = {
						CreatedOnToolsVersion = 8.2.1;
						DevelopmentTeam = DXZ5VF8836;
						ProvisioningStyle = Automatic;
					};
				};
			};
			buildConfigurationList = 485009DD1E2FF23B009B6610 /* Build configuration list for PBXProject "ElectrodeContainer" */;
			compatibilityVersion = "Xcode 3.2";
			developmentRegion = English;
			hasScannedForEncodings = 0;
			knownRegions = (
				en,
			);
			mainGroup = 485009D91E2FF23B009B6610;
			productRefGroup = 485009E41E2FF23B009B6610 /* Products */;
			projectDirPath = "";
			projectRoot = "";
			targets = (
				485009E21E2FF23B009B6610 /* ElectrodeContainer */,
				485009EB1E2FF23C009B6610 /* ElectrodeContainerTests */,
			);
			projectReferences = (
				{
					ProjectRef = 1CD1AA30A55848DF92557E70 /* React.xcodeproj */;
					ProductGroup = C7F81419A2934BEB99D58661 /* Products */;
				},
				{
					ProjectRef = 51433AD1234E4A2B99458D32 /* RCTActionSheet.xcodeproj */;
					ProductGroup = 61F28DC1B63C469B8BFF55F7 /* Products */;
				},
				{
					ProjectRef = D2FD74D338AC4BE4A1616450 /* RCTImage.xcodeproj */;
					ProductGroup = CD02213D666541C49F327834 /* Products */;
				},
				{
					ProjectRef = 4CD9EF382D5B4567A1A90E15 /* RCTAnimation.xcodeproj */;
					ProductGroup = CB3FC6C0D1DE43CC966D26DF /* Products */;
				},
				{
					ProjectRef = A4BF4F224FD2415B9996C3B8 /* RCTText.xcodeproj */;
					ProductGroup = 0988A70FF83246688BDF74ED /* Products */;
				},
				{
					ProjectRef = 5AF26F7676AB438A91F7F797 /* RCTWebSocket.xcodeproj */;
					ProductGroup = 1E91B56589FC4B10B405EBBF /* Products */;
				},
				{
					ProjectRef = BC0534E3EF0E4C2C8266D2D5 /* RCTGeolocation.xcodeproj */;
					ProductGroup = 9A65EBEA5F634005BCD0EC87 /* Products */;
				},
				{
					ProjectRef = 203E1E231DBF41D1A3845115 /* RCTLinking.xcodeproj */;
					ProductGroup = EDB08D77437549A0A440C034 /* Products */;
				},
				{
					ProjectRef = C490A5E499FB4846B22282C5 /* RCTNetwork.xcodeproj */;
					ProductGroup = EA4ADFAE957A43D4886FA945 /* Products */;
				},
				{
					ProjectRef = 10A24F957DC24E52A46A5445 /* RCTSettings.xcodeproj */;
					ProductGroup = 9EFB8E2525A74070966ACF06 /* Products */;
				},
				{
					ProjectRef = 63CC9A6B23CC4A4B895B1371 /* RCTVibration.xcodeproj */;
					ProductGroup = 3BB88A26E5BF4FED89FA8437 /* Products */;
				},
				{
					ProjectRef = F14A785426D04A15AC37D8CC /* RCTCameraRoll.xcodeproj */;
					ProductGroup = DAC15424038E495DBBE59DEF /* Products */;
				},
			);
		};
/* End PBXProject section */

/* Begin PBXReferenceProxy section */
		ECD5D544DE934E1196CBAE77 /* libReact.a */ = {
			isa = PBXReferenceProxy;
			fileType = archive.ar;
			path = libReact.a;
			remoteRef = 1AC05257DB0E4D138EA80197 /* PBXContainerItemProxy */;
			sourceTree = BUILT_PRODUCTS_DIR;
		};
		FD4C9B5836574557A0A72630 /* libRCTActionSheet.a */ = {
			isa = PBXReferenceProxy;
			fileType = archive.ar;
			path = libRCTActionSheet.a;
			remoteRef = 691FCA68AFA54FC584DA90EC /* PBXContainerItemProxy */;
			sourceTree = BUILT_PRODUCTS_DIR;
		};
		113202D542064925A4E9475D /* libRCTImage.a */ = {
			isa = PBXReferenceProxy;
			fileType = archive.ar;
			path = libRCTImage.a;
			remoteRef = 555B5B5A23F249B6896B18F8 /* PBXContainerItemProxy */;
			sourceTree = BUILT_PRODUCTS_DIR;
		};
		C1F1A03322F1477A9D7F9647 /* libRCTAnimation.a */ = {
			isa = PBXReferenceProxy;
			fileType = archive.ar;
			path = libRCTAnimation.a;
			remoteRef = 7D9C062289DA416E910230D3 /* PBXContainerItemProxy */;
			sourceTree = BUILT_PRODUCTS_DIR;
		};
		1E9C83E94AAA4461935AEB45 /* libRCTText.a */ = {
			isa = PBXReferenceProxy;
			fileType = archive.ar;
			path = libRCTText.a;
			remoteRef = D45829ABC4864AAF8B3CB433 /* PBXContainerItemProxy */;
			sourceTree = BUILT_PRODUCTS_DIR;
		};
		BC945EE2DD9F496EBDF58BBD /* libRCTWebSocket.a */ = {
			isa = PBXReferenceProxy;
			fileType = archive.ar;
			path = libRCTWebSocket.a;
			remoteRef = CF906746677348A085E09261 /* PBXContainerItemProxy */;
			sourceTree = BUILT_PRODUCTS_DIR;
		};
		E907207549CF440397D6854F /* libRCTGeolocation.a */ = {
			isa = PBXReferenceProxy;
			fileType = archive.ar;
			path = libRCTGeolocation.a;
			remoteRef = B8B20D552E264B55A3001C2A /* PBXContainerItemProxy */;
			sourceTree = BUILT_PRODUCTS_DIR;
		};
		90EF349FABB14859B3A73D39 /* libRCTLinking.a */ = {
			isa = PBXReferenceProxy;
			fileType = archive.ar;
			path = libRCTLinking.a;
			remoteRef = B5751299932049078516D6BB /* PBXContainerItemProxy */;
			sourceTree = BUILT_PRODUCTS_DIR;
		};
		3E5DDDC70B1E4543B14DEA0B /* libRCTNetwork.a */ = {
			isa = PBXReferenceProxy;
			fileType = archive.ar;
			path = libRCTNetwork.a;
			remoteRef = BADC628651CB437EAF9D9A18 /* PBXContainerItemProxy */;
			sourceTree = BUILT_PRODUCTS_DIR;
		};
		9FD2D99301134F5AA2F1D525 /* libRCTSettings.a */ = {
			isa = PBXReferenceProxy;
			fileType = archive.ar;
			path = libRCTSettings.a;
			remoteRef = 6B3E98BE79E74F9DB2B36F9C /* PBXContainerItemProxy */;
			sourceTree = BUILT_PRODUCTS_DIR;
		};
		F872ED84B3BC471BBE4413AF /* libRCTVibration.a */ = {
			isa = PBXReferenceProxy;
			fileType = archive.ar;
			path = libRCTVibration.a;
			remoteRef = BE72F3DB33904DB0AB089157 /* PBXContainerItemProxy */;
			sourceTree = BUILT_PRODUCTS_DIR;
		};
		D426F954A41C4EF7B6718C33 /* libRCTCameraRoll.a */ = {
			isa = PBXReferenceProxy;
			fileType = archive.ar;
			path = libRCTCameraRoll.a;
			remoteRef = C885704597404B93BC2C81A8 /* PBXContainerItemProxy */;
			sourceTree = BUILT_PRODUCTS_DIR;
		};
/* End PBXReferenceProxy section */

/* Begin PBXResourcesBuildPhase section */
		485009E11E2FF23B009B6610 /* Resources */ = {
			isa = PBXResourcesBuildPhase;
			buildActionMask = 2147483647;
			files = (
				22BF1FEB1E8DAAF800E7F500 /* assets in Resources */,
				223A89461E89CDC70092741E /* MiniApp.jsbundle in Resources */,
				2265A4A21EB26943007D6C3D /* Info.plist in Resources */,
			);
			runOnlyForDeploymentPostprocessing = 0;
		};
		485009EA1E2FF23C009B6610 /* Resources */ = {
			isa = PBXResourcesBuildPhase;
			buildActionMask = 2147483647;
			files = (
			);
			runOnlyForDeploymentPostprocessing = 0;
		};
/* End PBXResourcesBuildPhase section */

/* Begin PBXSourcesBuildPhase section */
		485009DE1E2FF23B009B6610 /* Sources */ = {
			isa = PBXSourcesBuildPhase;
			buildActionMask = 2147483647;
			files = (
				48500A991E2FF55B009B6610 /* ElectrodeReactNative.m in Sources */,
				301CB9021F33F3450048C58B /* NSBundle+frameworkBundle.m in Sources */,
				968333D81E54E3470031C565 /* ElectrodeBridgeDelegate.m in Sources */,
				48B5CEBA59A149B9AD1A9A89 /* ColorPickerAPI.swift in Sources */,
				16F1952F51A74C38B883B170 /* ColorPickerEvents.swift in Sources */,
				C6559951ECDF48A688C6BD23 /* ColorPickerRequests.swift in Sources */,
				B27B52F066364DEABB9348E5 /* ElectrodeObject.swift in Sources */,
				3C6E57ABB5BE467CBCB243CE /* Bridgeable.swift in Sources */,
				2BD45C38DF82468CA25D0536 /* ElectrodeRequestHandlerProcessor.swift in Sources */,
				EE4A41A141D94FD883D1C951 /* ElectrodeRequestProcessor.swift in Sources */,
				AEF05307D49544E68AFBE592 /* ElectrodeUtilities.swift in Sources */,
				189FE55C5B954B7D850E0E53 /* EventListenerProcessor.swift in Sources */,
				E2DA84C741634794880561FC /* EventProcessor.swift in Sources */,
				F6BAAA63689D4B5EA7AD726C /* Processor.swift in Sources */,
				0442F5E1CF494DDE8D30D251 /* None.swift in Sources */,
				19ED06BD7E814EF3A1E81B25 /* ElectrodeBridgeEvent.m in Sources */,
				1E3A6FA0F96A4A0986288777 /* ElectrodeBridgeFailureMessage.m in Sources */,
				1B84F02780F74DB88248269B /* ElectrodeBridgeHolder.m in Sources */,
				59A0A0B1996A448DA3315989 /* ElectrodeBridgeMessage.m in Sources */,
				9291AE1A25D242EF96758CC9 /* ElectrodeBridgeProtocols.m in Sources */,
				1E77519616034C4ABB07FF94 /* ElectrodeBridgeRequest.m in Sources */,
				749E42626C4745B09D1D1CE7 /* ElectrodeBridgeResponse.m in Sources */,
				2851102C69164166B0F65886 /* ElectrodeBridgeTransaction.m in Sources */,
				FA8B3D2DB7F5478085F5E10A /* ElectrodeBridgeTransceiver.m in Sources */,
				D6BD5E2982A9428BB48BBC77 /* ElectrodeEventDispatcher.m in Sources */,
				8E9601E51FC64CA7BAE572B1 /* ElectrodeEventRegistrar.m in Sources */,
				CD7FBA057994487697472AFB /* ElectrodeRequestDispatcher.m in Sources */,
				1E921985605E498192F85348 /* ElectrodeRequestRegistrar.m in Sources */,
				FC97438B4FF34B0088F27186 /* ElectrodeLogger.m in Sources */,
				BD0C2117A1D1450E8093DD9D /* BirthYear.swift in Sources */,
				B5EB339315FA44C99684714A /* Movie.swift in Sources */,
				E99B4FE3315446CAAAA275F9 /* MoviesAPI.swift in Sources */,
				DEE17AB518594BB3825C0B6B /* MoviesRequests.swift in Sources */,
				E8D727B0DEDD4C1BB0048210 /* Person.swift in Sources */,
				CAF180FEA00F4F0FB28538D0 /* Synopsis.swift in Sources */,
				76D8A6055D824A82BC90CBF9 /* NavigateData.swift in Sources */,
				95858046ADF24CA1AC7609C2 /* NavigationAPI.swift in Sources */,
				327FF71CA4254BE5A7F14C13 /* NavigationRequests.swift in Sources */,
			);
			runOnlyForDeploymentPostprocessing = 0;
		};
		485009E81E2FF23C009B6610 /* Sources */ = {
			isa = PBXSourcesBuildPhase;
			buildActionMask = 2147483647;
			files = (
			);
			runOnlyForDeploymentPostprocessing = 0;
		};
/* End PBXSourcesBuildPhase section */

/* Begin PBXTargetDependency section */
		485009EF1E2FF23C009B6610 /* PBXTargetDependency */ = {
			isa = PBXTargetDependency;
			target = 485009E21E2FF23B009B6610 /* ElectrodeContainer */;
			targetProxy = 485009EE1E2FF23C009B6610 /* PBXContainerItemProxy */;
		};
		84979448003443E18F26D1BD /* PBXTargetDependency */ = {
			isa = PBXTargetDependency;
			name = React;
			targetProxy = CBFBF3B5DF564F95B68308ED /* PBXContainerItemProxy */;
		};
		B8D7D4B4F6F445EBBA327375 /* PBXTargetDependency */ = {
			isa = PBXTargetDependency;
			name = RCTActionSheet;
			targetProxy = 61F43CE9F3C24E818EBCB37B /* PBXContainerItemProxy */;
		};
		995CD9E8BEC9442F9B35E481 /* PBXTargetDependency */ = {
			isa = PBXTargetDependency;
			name = RCTImage;
			targetProxy = B6B3867AF49340EF84238DC3 /* PBXContainerItemProxy */;
		};
		959101E87E06491A88164D9D /* PBXTargetDependency */ = {
			isa = PBXTargetDependency;
			name = RCTAnimation;
			targetProxy = FD6025225CFB40868D289882 /* PBXContainerItemProxy */;
		};
		D0B473B45F714CC9810E6006 /* PBXTargetDependency */ = {
			isa = PBXTargetDependency;
			name = RCTText;
			targetProxy = BA6DEF1910E84F9D8C2CE118 /* PBXContainerItemProxy */;
		};
		A683067C16564931BF3D5BA6 /* PBXTargetDependency */ = {
			isa = PBXTargetDependency;
			name = RCTWebSocket;
			targetProxy = C69FB7707C294CDD82E5B6C3 /* PBXContainerItemProxy */;
		};
		5A2061291B2F4C5CAECBBD39 /* PBXTargetDependency */ = {
			isa = PBXTargetDependency;
			name = RCTGeolocation;
			targetProxy = 97DFBF519C694073A64D1F68 /* PBXContainerItemProxy */;
		};
		13A10494445C461DB98F475D /* PBXTargetDependency */ = {
			isa = PBXTargetDependency;
			name = RCTLinking;
			targetProxy = 2D7EF2B61214481D87886B69 /* PBXContainerItemProxy */;
		};
		B21C872031794122A8A3416D /* PBXTargetDependency */ = {
			isa = PBXTargetDependency;
			name = RCTNetwork;
			targetProxy = 81A33F43240545AD92909DF4 /* PBXContainerItemProxy */;
		};
		C8D8CFBFE3E346AFA811A667 /* PBXTargetDependency */ = {
			isa = PBXTargetDependency;
			name = RCTSettings;
			targetProxy = 4121FCA188AA48D490DF0F74 /* PBXContainerItemProxy */;
		};
		8334F631BF434D7D8B346AA3 /* PBXTargetDependency */ = {
			isa = PBXTargetDependency;
			name = RCTVibration;
			targetProxy = E63222FFAE3642CD9D40541A /* PBXContainerItemProxy */;
		};
		519D925776D240F1AD57FE7E /* PBXTargetDependency */ = {
			isa = PBXTargetDependency;
			name = RCTCameraRoll;
			targetProxy = 7A48974A09F34267B6720979 /* PBXContainerItemProxy */;
		};
/* End PBXTargetDependency section */

/* Begin XCBuildConfiguration section */
		303268E41EA8139700A41A8F /* QADeployment */ = {
			isa = XCBuildConfiguration;
			buildSettings = {
				ALWAYS_SEARCH_USER_PATHS = NO;
				CLANG_ANALYZER_NONNULL = YES;
				CLANG_CXX_LANGUAGE_STANDARD = "gnu++0x";
				CLANG_CXX_LIBRARY = "libc++";
				CLANG_ENABLE_MODULES = YES;
				CLANG_ENABLE_OBJC_ARC = YES;
				CLANG_WARN_BOOL_CONVERSION = YES;
				CLANG_WARN_CONSTANT_CONVERSION = YES;
				CLANG_WARN_DIRECT_OBJC_ISA_USAGE = YES_ERROR;
				CLANG_WARN_DOCUMENTATION_COMMENTS = YES;
				CLANG_WARN_EMPTY_BODY = YES;
				CLANG_WARN_ENUM_CONVERSION = YES;
				CLANG_WARN_INFINITE_RECURSION = YES;
				CLANG_WARN_INT_CONVERSION = YES;
				CLANG_WARN_OBJC_ROOT_CLASS = YES_ERROR;
				CLANG_WARN_SUSPICIOUS_MOVE = YES;
				CLANG_WARN_UNREACHABLE_CODE = YES;
				CLANG_WARN__DUPLICATE_METHOD_MATCH = YES;
				"CODE_SIGN_IDENTITY[sdk=iphoneos*]" = "iPhone Developer";
				COPY_PHASE_STRIP = NO;
				CURRENT_PROJECT_VERSION = 1;
				DEBUG_INFORMATION_FORMAT = "dwarf-with-dsym";
				ENABLE_STRICT_OBJC_MSGSEND = YES;
				ENABLE_TESTABILITY = YES;
				GCC_C_LANGUAGE_STANDARD = gnu99;
				GCC_DYNAMIC_NO_PIC = NO;
				GCC_NO_COMMON_BLOCKS = YES;
				GCC_OPTIMIZATION_LEVEL = 0;
				GCC_PREPROCESSOR_DEFINITIONS = (
					"DEBUG=1",
					"$(inherited)",
				);
				GCC_WARN_64_TO_32_BIT_CONVERSION = YES;
				GCC_WARN_ABOUT_RETURN_TYPE = YES_ERROR;
				GCC_WARN_UNDECLARED_SELECTOR = YES;
				GCC_WARN_UNINITIALIZED_AUTOS = YES_AGGRESSIVE;
				GCC_WARN_UNUSED_FUNCTION = YES;
				GCC_WARN_UNUSED_VARIABLE = YES;
				IPHONEOS_DEPLOYMENT_TARGET = 9.0;
				MTL_ENABLE_DEBUG_INFO = YES;
				ONLY_ACTIVE_ARCH = YES;
				SDKROOT = iphoneos;
				TARGETED_DEVICE_FAMILY = "1,2";
				VERSIONING_SYSTEM = "apple-generic";
				VERSION_INFO_PREFIX = "";
			};
			name = QADeployment;
		};
		303268E51EA8139700A41A8F /* QADeployment */ = {
			isa = XCBuildConfiguration;
			buildSettings = {
				ALWAYS_EMBED_SWIFT_STANDARD_LIBRARIES = YES;
				CLANG_ALLOW_NON_MODULAR_INCLUDES_IN_FRAMEWORK_MODULES = YES;
				CLANG_ENABLE_MODULES = YES;
				CLANG_WARN_DOCUMENTATION_COMMENTS = NO;
				CODE_SIGN_IDENTITY = "";
				DEFINES_MODULE = YES;
				DYLIB_COMPATIBILITY_VERSION = 1;
				DYLIB_CURRENT_VERSION = 1;
				DYLIB_INSTALL_NAME_BASE = "@rpath";
				ENABLE_ON_DEMAND_RESOURCES = NO;
				ENABLE_TESTABILITY = YES;
				HEADER_SEARCH_PATHS = (
					"$(inherited)/**",
					"$(SRCROOT)/ElectrodeContainer/Libraries/ReactNative/**",
					"$(SRCROOT)/ElectrodeContainer/Libraries/CodePush/**",
				);
				FRAMEWORK_SEARCH_PATHS = (
					"$(inherited)",
				);
				INFOPLIST_FILE = ElectrodeContainer/Info.plist;
				INSTALL_PATH = "$(LOCAL_LIBRARY_DIR)/Frameworks";
				LD_RUNPATH_SEARCH_PATHS = "$(inherited) @executable_path/Frameworks @loader_path/Frameworks";
				LIBRARY_SEARCH_PATHS = (
					"$(inherited)",
					"$(SRCROOT)/ElectrodeContainer/Libraries/ReactNative/**",
					"$(SRCROOT)/ElectrodeContainer/Libraries/CodePush/**",
				);
				ONLY_ACTIVE_ARCH = NO;
				OTHER_LDFLAGS = (
					"-ObjC",
					"-lc++",
					"-lz",
				);
				PRODUCT_BUNDLE_IDENTIFIER = com.walmart.electronics.ElectrodeContainer;
				PRODUCT_NAME = "$(TARGET_NAME)";
				SKIP_INSTALL = YES;
				STRIP_STYLE = debugging;
				SWIFT_ACTIVE_COMPILATION_CONDITIONS = DEBUG;
				SWIFT_OPTIMIZATION_LEVEL = "-Owholemodule";
				SWIFT_VERSION = 3.0;
			};
			name = QADeployment;
		};
		303268E61EA8139700A41A8F /* QADeployment */ = {
			isa = XCBuildConfiguration;
			buildSettings = {
				HEADER_SEARCH_PATHS = (
					"$(inherited)",
					"$(SRCROOT)/ElectrodeContainer/Libraries/CodePush/**",
				);
				FRAMEWORK_SEARCH_PATHS = (
					"$(inherited)",
				);
				INFOPLIST_FILE = ElectrodeContainerTests/Info.plist;
				LD_RUNPATH_SEARCH_PATHS = "$(inherited) @executable_path/Frameworks @loader_path/Frameworks";
				LIBRARY_SEARCH_PATHS = (
					"$(inherited)",
					"$(SRCROOT)/ElectrodeContainer/Libraries/ReactNative/**",
					"$(SRCROOT)/ElectrodeContainer/Libraries/CodePush/**",
				);
				PRODUCT_BUNDLE_IDENTIFIER = com.walmart.electronics.ElectrodeContainerTests;
				PRODUCT_NAME = "$(TARGET_NAME)";
				TEST_HOST = "";
			};
			name = QADeployment;
		};
		485009F51E2FF23C009B6610 /* Debug */ = {
			isa = XCBuildConfiguration;
			buildSettings = {
				ALWAYS_SEARCH_USER_PATHS = NO;
				CLANG_ANALYZER_NONNULL = YES;
				CLANG_CXX_LANGUAGE_STANDARD = "gnu++0x";
				CLANG_CXX_LIBRARY = "libc++";
				CLANG_ENABLE_MODULES = YES;
				CLANG_ENABLE_OBJC_ARC = YES;
				CLANG_WARN_BOOL_CONVERSION = YES;
				CLANG_WARN_CONSTANT_CONVERSION = YES;
				CLANG_WARN_DIRECT_OBJC_ISA_USAGE = YES_ERROR;
				CLANG_WARN_DOCUMENTATION_COMMENTS = YES;
				CLANG_WARN_EMPTY_BODY = YES;
				CLANG_WARN_ENUM_CONVERSION = YES;
				CLANG_WARN_INFINITE_RECURSION = YES;
				CLANG_WARN_INT_CONVERSION = YES;
				CLANG_WARN_OBJC_ROOT_CLASS = YES_ERROR;
				CLANG_WARN_SUSPICIOUS_MOVE = YES;
				CLANG_WARN_UNREACHABLE_CODE = YES;
				CLANG_WARN__DUPLICATE_METHOD_MATCH = YES;
				"CODE_SIGN_IDENTITY[sdk=iphoneos*]" = "iPhone Developer";
				COPY_PHASE_STRIP = NO;
				CURRENT_PROJECT_VERSION = 1;
				DEBUG_INFORMATION_FORMAT = dwarf;
				ENABLE_STRICT_OBJC_MSGSEND = YES;
				ENABLE_TESTABILITY = YES;
				GCC_C_LANGUAGE_STANDARD = gnu99;
				GCC_DYNAMIC_NO_PIC = NO;
				GCC_NO_COMMON_BLOCKS = YES;
				GCC_OPTIMIZATION_LEVEL = 0;
				GCC_PREPROCESSOR_DEFINITIONS = (
					"DEBUG=1",
					"$(inherited)",
				);
				GCC_WARN_64_TO_32_BIT_CONVERSION = YES;
				GCC_WARN_ABOUT_RETURN_TYPE = YES_ERROR;
				GCC_WARN_UNDECLARED_SELECTOR = YES;
				GCC_WARN_UNINITIALIZED_AUTOS = YES_AGGRESSIVE;
				GCC_WARN_UNUSED_FUNCTION = YES;
				GCC_WARN_UNUSED_VARIABLE = YES;
				IPHONEOS_DEPLOYMENT_TARGET = 9.0;
				MTL_ENABLE_DEBUG_INFO = YES;
				ONLY_ACTIVE_ARCH = YES;
				SDKROOT = iphoneos;
				TARGETED_DEVICE_FAMILY = "1,2";
				VERSIONING_SYSTEM = "apple-generic";
				VERSION_INFO_PREFIX = "";
			};
			name = Debug;
		};
		485009F61E2FF23C009B6610 /* Release */ = {
			isa = XCBuildConfiguration;
			buildSettings = {
				ALWAYS_SEARCH_USER_PATHS = NO;
				CLANG_ANALYZER_NONNULL = YES;
				CLANG_CXX_LANGUAGE_STANDARD = "gnu++0x";
				CLANG_CXX_LIBRARY = "libc++";
				CLANG_ENABLE_MODULES = YES;
				CLANG_ENABLE_OBJC_ARC = YES;
				CLANG_WARN_BOOL_CONVERSION = YES;
				CLANG_WARN_CONSTANT_CONVERSION = YES;
				CLANG_WARN_DIRECT_OBJC_ISA_USAGE = YES_ERROR;
				CLANG_WARN_DOCUMENTATION_COMMENTS = YES;
				CLANG_WARN_EMPTY_BODY = YES;
				CLANG_WARN_ENUM_CONVERSION = YES;
				CLANG_WARN_INFINITE_RECURSION = YES;
				CLANG_WARN_INT_CONVERSION = YES;
				CLANG_WARN_OBJC_ROOT_CLASS = YES_ERROR;
				CLANG_WARN_SUSPICIOUS_MOVE = YES;
				CLANG_WARN_UNREACHABLE_CODE = YES;
				CLANG_WARN__DUPLICATE_METHOD_MATCH = YES;
				"CODE_SIGN_IDENTITY[sdk=iphoneos*]" = "iPhone Developer";
				COPY_PHASE_STRIP = NO;
				CURRENT_PROJECT_VERSION = 1;
				DEBUG_INFORMATION_FORMAT = "dwarf-with-dsym";
				ENABLE_NS_ASSERTIONS = NO;
				ENABLE_STRICT_OBJC_MSGSEND = YES;
				GCC_C_LANGUAGE_STANDARD = gnu99;
				GCC_NO_COMMON_BLOCKS = YES;
				GCC_WARN_64_TO_32_BIT_CONVERSION = YES;
				GCC_WARN_ABOUT_RETURN_TYPE = YES_ERROR;
				GCC_WARN_UNDECLARED_SELECTOR = YES;
				GCC_WARN_UNINITIALIZED_AUTOS = YES_AGGRESSIVE;
				GCC_WARN_UNUSED_FUNCTION = YES;
				GCC_WARN_UNUSED_VARIABLE = YES;
				IPHONEOS_DEPLOYMENT_TARGET = 9.0;
				MTL_ENABLE_DEBUG_INFO = NO;
				SDKROOT = iphoneos;
				TARGETED_DEVICE_FAMILY = "1,2";
				VALIDATE_PRODUCT = YES;
				VERSIONING_SYSTEM = "apple-generic";
				VERSION_INFO_PREFIX = "";
			};
			name = Release;
		};
		485009F81E2FF23C009B6610 /* Debug */ = {
			isa = XCBuildConfiguration;
			buildSettings = {
				ALWAYS_EMBED_SWIFT_STANDARD_LIBRARIES = YES;
				CLANG_ALLOW_NON_MODULAR_INCLUDES_IN_FRAMEWORK_MODULES = YES;
				CLANG_ENABLE_MODULES = YES;
				CLANG_WARN_DOCUMENTATION_COMMENTS = NO;
				CODE_SIGN_IDENTITY = "";
				DEFINES_MODULE = YES;
				DYLIB_COMPATIBILITY_VERSION = 1;
				DYLIB_CURRENT_VERSION = 1;
				DYLIB_INSTALL_NAME_BASE = "@rpath";
				HEADER_SEARCH_PATHS = (
					"$(inherited)",
					"$(SRCROOT)/ElectrodeContainer/Libraries/ReactNative/**",
				);
				FRAMEWORK_SEARCH_PATHS = (
					"$(inherited)",
				);
				INFOPLIST_FILE = ElectrodeContainer/Info.plist;
				INSTALL_PATH = "$(LOCAL_LIBRARY_DIR)/Frameworks";
				IPHONEOS_DEPLOYMENT_TARGET = 9.0;
				LD_RUNPATH_SEARCH_PATHS = "$(inherited) @executable_path/Frameworks @loader_path/Frameworks";
				LIBRARY_SEARCH_PATHS = (
					"$(inherited)",
					"$(SRCROOT)/ElectrodeContainer/Libraries/ReactNative/**",
					"$(SRCROOT)/ElectrodeContainer/Libraries/CodePush/**",
				);
				OTHER_LDFLAGS = (
					"-ObjC",
					"-lc++",
					"-lz",
				);
				PRODUCT_BUNDLE_IDENTIFIER = com.walmart.electronics.ElectrodeContainer;
				PRODUCT_NAME = "$(TARGET_NAME)";
				SKIP_INSTALL = YES;
				SWIFT_ACTIVE_COMPILATION_CONDITIONS = DEBUG;
				SWIFT_OPTIMIZATION_LEVEL = "-Onone";
				SWIFT_VERSION = 3.0;
			};
			name = Debug;
		};
		485009F91E2FF23C009B6610 /* Release */ = {
			isa = XCBuildConfiguration;
			buildSettings = {
				CLANG_ALLOW_NON_MODULAR_INCLUDES_IN_FRAMEWORK_MODULES = YES;
				CODE_SIGN_IDENTITY = "";
				DEFINES_MODULE = YES;
				DYLIB_COMPATIBILITY_VERSION = 1;
				DYLIB_CURRENT_VERSION = 1;
				DYLIB_INSTALL_NAME_BASE = "@rpath";
				HEADER_SEARCH_PATHS = (
					"$(inherited)",
					"$(SRCROOT)/ElectrodeContainer/Libraries/ReactNative/**",
					"$(SRCROOT)/ElectrodeContainer/Libraries/CodePush/**",
				);
				FRAMEWORK_SEARCH_PATHS = (
					"$(inherited)",
				);
				INFOPLIST_FILE = ElectrodeContainer/Info.plist;
				INSTALL_PATH = "$(LOCAL_LIBRARY_DIR)/Frameworks";
				IPHONEOS_DEPLOYMENT_TARGET = 9.0;
				LD_RUNPATH_SEARCH_PATHS = "$(inherited) @executable_path/Frameworks @loader_path/Frameworks";
				LIBRARY_SEARCH_PATHS = (
					"$(inherited)",
					"$(SRCROOT)/ElectrodeContainer/Libraries/ReactNative/**",
					"$(SRCROOT)/ElectrodeContainer/Libraries/CodePush/**",
				);
				OTHER_LDFLAGS = (
					"-ObjC",
					"-lc++",
					"-lz",
				);
				PRODUCT_BUNDLE_IDENTIFIER = com.walmart.electronics.ElectrodeContainer;
				PRODUCT_NAME = "$(TARGET_NAME)";
				SKIP_INSTALL = YES;
				SWIFT_VERSION = 3.0;
			};
			name = Release;
		};
		485009FB1E2FF23C009B6610 /* Debug */ = {
			isa = XCBuildConfiguration;
			buildSettings = {
				INFOPLIST_FILE = ElectrodeContainerTests/Info.plist;
				LD_RUNPATH_SEARCH_PATHS = "$(inherited) @executable_path/Frameworks @loader_path/Frameworks";
				LIBRARY_SEARCH_PATHS = (
					"$(inherited)",
					"$(SRCROOT)/ElectrodeContainer/Libraries/ReactNative/**",
					"$(SRCROOT)/ElectrodeContainer/Libraries/CodePush/**",
				);
				PRODUCT_BUNDLE_IDENTIFIER = com.walmart.electronics.ElectrodeContainerTests;
				PRODUCT_NAME = "$(TARGET_NAME)";
				TEST_HOST = "";
			};
			name = Debug;
		};
		485009FC1E2FF23C009B6610 /* Release */ = {
			isa = XCBuildConfiguration;
			buildSettings = {
				DEVELOPMENT_TEAM = DXZ5VF8836;
				HEADER_SEARCH_PATHS = (
					"$(inherited)",
					"\"$(SRCROOT)/ElectrodeContainer/Libraries/CodePush\"",
				);
				FRAMEWORK_SEARCH_PATHS = (
					"$(inherited)",
				);
				INFOPLIST_FILE = ElectrodeContainerTests/Info.plist;
				LD_RUNPATH_SEARCH_PATHS = "$(inherited) @executable_path/Frameworks @loader_path/Frameworks";
				LIBRARY_SEARCH_PATHS = (
					"$(inherited)",
					"$(SRCROOT)/ElectrodeContainer/Libraries/ReactNative/**",
					"$(SRCROOT)/ElectrodeContainer/Libraries/CodePush/**",
				);
				PRODUCT_BUNDLE_IDENTIFIER = com.walmart.electronics.ElectrodeContainerTests;
				PRODUCT_NAME = "$(TARGET_NAME)";
				TEST_HOST = "";
			};
			name = Release;
		};
/* End XCBuildConfiguration section */

/* Begin XCConfigurationList section */
		485009DD1E2FF23B009B6610 /* Build configuration list for PBXProject "ElectrodeContainer" */ = {
			isa = XCConfigurationList;
			buildConfigurations = (
				485009F51E2FF23C009B6610 /* Debug */,
				303268E41EA8139700A41A8F /* QADeployment */,
				485009F61E2FF23C009B6610 /* Release */,
			);
			defaultConfigurationIsVisible = 0;
			defaultConfigurationName = Release;
		};
		485009F71E2FF23C009B6610 /* Build configuration list for PBXNativeTarget "ElectrodeContainer" */ = {
			isa = XCConfigurationList;
			buildConfigurations = (
				485009F81E2FF23C009B6610 /* Debug */,
				303268E51EA8139700A41A8F /* QADeployment */,
				485009F91E2FF23C009B6610 /* Release */,
			);
			defaultConfigurationIsVisible = 0;
			defaultConfigurationName = Release;
		};
		485009FA1E2FF23C009B6610 /* Build configuration list for PBXNativeTarget "ElectrodeContainerTests" */ = {
			isa = XCConfigurationList;
			buildConfigurations = (
				485009FB1E2FF23C009B6610 /* Debug */,
				303268E61EA8139700A41A8F /* QADeployment */,
				485009FC1E2FF23C009B6610 /* Release */,
			);
			defaultConfigurationIsVisible = 0;
			defaultConfigurationName = Release;
		};
/* End XCConfigurationList section */
	};
	rootObject = 485009DA1E2FF23B009B6610 /* Project object */;
}
